// !$*UTF8*$!
{
	archiveVersion = 1;
	classes = {
	};
	objectVersion = 54;
	objects = {

/* Begin PBXBuildFile section */
		5200DB3726AC76450026D69F /* RoborockApi in Frameworks */ = {isa = PBXBuildFile; productRef = 5200DB3626AC76450026D69F /* RoborockApi */; };
		52046F2326494C0000E1C041 /* StatusItemView.swift in Sources */ = {isa = PBXBuildFile; fileRef = 52046F2226494C0000E1C041 /* StatusItemView.swift */; };
		52046F2626494DA100E1C041 /* PrimaryRoundedButtonStyle.swift in Sources */ = {isa = PBXBuildFile; fileRef = 52046F2526494DA100E1C041 /* PrimaryRoundedButtonStyle.swift */; };
		52046F2926494DC400E1C041 /* BlurView.swift in Sources */ = {isa = PBXBuildFile; fileRef = 52046F2826494DC400E1C041 /* BlurView.swift */; };
		5214A18E29BCDBD400C3FD57 /* RestClient+Dependency.swift in Sources */ = {isa = PBXBuildFile; fileRef = 5214A18D29BCDBD400C3FD57 /* RestClient+Dependency.swift */; };
		5214A19329BCDE3C00C3FD57 /* RRFileParser+Dependency.swift in Sources */ = {isa = PBXBuildFile; fileRef = 5214A19229BCDE3C00C3FD57 /* RRFileParser+Dependency.swift */; };
		5214A19829BCE8A800C3FD57 /* Api+State.swift in Sources */ = {isa = PBXBuildFile; fileRef = 5214A19729BCE8A800C3FD57 /* Api+State.swift */; };
		52480D502A72B46300227FB8 /* ZoomableModifier.swift in Sources */ = {isa = PBXBuildFile; fileRef = 52480D4F2A72B46300227FB8 /* ZoomableModifier.swift */; };
		52480D522A72B47400227FB8 /* ZoomableView.swift in Sources */ = {isa = PBXBuildFile; fileRef = 52480D512A72B47400227FB8 /* ZoomableView.swift */; };
		5249E97E2695D6930095828E /* HeaderView.swift in Sources */ = {isa = PBXBuildFile; fileRef = 5249E97D2695D6930095828E /* HeaderView.swift */; };
		5249E9802695D6ED0095828E /* NotConnectedView.swift in Sources */ = {isa = PBXBuildFile; fileRef = 5249E97F2695D6ED0095828E /* NotConnectedView.swift */; };
		5249E9822695D7C00095828E /* RoomSelectionView.swift in Sources */ = {isa = PBXBuildFile; fileRef = 5249E9812695D7C00095828E /* RoomSelectionView.swift */; };
		524CD8632B14C32A00751EBB /* Api+Action.swift in Sources */ = {isa = PBXBuildFile; fileRef = 524CD8622B14C32A00751EBB /* Api+Action.swift */; };
		524CD8A32B14C70800751EBB /* RoborockWatchApp.swift in Sources */ = {isa = PBXBuildFile; fileRef = 524CD8A22B14C70800751EBB /* RoborockWatchApp.swift */; };
		524CD8A72B14C70900751EBB /* Assets.xcassets in Resources */ = {isa = PBXBuildFile; fileRef = 524CD8A62B14C70900751EBB /* Assets.xcassets */; };
		524CD8AA2B14C70900751EBB /* Preview Assets.xcassets in Resources */ = {isa = PBXBuildFile; fileRef = 524CD8A92B14C70900751EBB /* Preview Assets.xcassets */; };
		524CD8AD2B14C70900751EBB /* Roborock.app in Embed Watch Content */ = {isa = PBXBuildFile; fileRef = 524CD8A02B14C70800751EBB /* Roborock.app */; settings = {ATTRIBUTES = (RemoveHeadersOnCopy, ); }; };
		524CD8B22B14C84F00751EBB /* ComposableArchitecture in Frameworks */ = {isa = PBXBuildFile; productRef = 524CD8B12B14C84F00751EBB /* ComposableArchitecture */; };
		524CD8DA2B14C8C600751EBB /* Main.swift in Sources */ = {isa = PBXBuildFile; fileRef = 524CD8C62B14C87500751EBB /* Main.swift */; };
		524CD8DB2B14C8CB00751EBB /* CircularButtonStyle.swift in Sources */ = {isa = PBXBuildFile; fileRef = 524CD8C92B14C87500751EBB /* CircularButtonStyle.swift */; };
		524CD8DC2B14C8CB00751EBB /* PrimaryButtonStyle.swift in Sources */ = {isa = PBXBuildFile; fileRef = 524CD8C82B14C87500751EBB /* PrimaryButtonStyle.swift */; };
		524CD8DE2B14C8CE00751EBB /* MainView.swift in Sources */ = {isa = PBXBuildFile; fileRef = 524CD8C52B14C87500751EBB /* MainView.swift */; };
		524CD8DF2B14C8D500751EBB /* HomeView.swift in Sources */ = {isa = PBXBuildFile; fileRef = 524CD8B72B14C87500751EBB /* HomeView.swift */; };
		524CD8E02B14C8D900751EBB /* StatusTileView.swift in Sources */ = {isa = PBXBuildFile; fileRef = 524CD8BA2B14C87500751EBB /* StatusTileView.swift */; };
		524CD8E12B14C8D900751EBB /* CircularProgressViewStyle.swift in Sources */ = {isa = PBXBuildFile; fileRef = 524CD8BE2B14C87500751EBB /* CircularProgressViewStyle.swift */; };
		524CD8E22B14C8D900751EBB /* BatteryTileView.swift in Sources */ = {isa = PBXBuildFile; fileRef = 524CD8B92B14C87500751EBB /* BatteryTileView.swift */; };
		524CD8E32B14C8D900751EBB /* StateTileView.swift in Sources */ = {isa = PBXBuildFile; fileRef = 524CD8BB2B14C87500751EBB /* StateTileView.swift */; };
		524CD8E42B14C8D900751EBB /* FanspeedList.swift in Sources */ = {isa = PBXBuildFile; fileRef = 524CD8BD2B14C87500751EBB /* FanspeedList.swift */; };
		524CD8E52B14C8D900751EBB /* SegmentList.swift in Sources */ = {isa = PBXBuildFile; fileRef = 524CD8BC2B14C87500751EBB /* SegmentList.swift */; };
		524CD8E62B14C8D900751EBB /* ButtonView.swift in Sources */ = {isa = PBXBuildFile; fileRef = 524CD8BF2B14C87500751EBB /* ButtonView.swift */; };
		524CD8E72B14C97300751EBB /* UserDefaultsHelper.swift in Sources */ = {isa = PBXBuildFile; fileRef = 528A3A012A716F530005A4DF /* UserDefaultsHelper.swift */; };
		524CD8E82B14C97C00751EBB /* RestClient+Dependency.swift in Sources */ = {isa = PBXBuildFile; fileRef = 5214A18D29BCDBD400C3FD57 /* RestClient+Dependency.swift */; };
		524CD8E92B14C97C00751EBB /* Api+Action.swift in Sources */ = {isa = PBXBuildFile; fileRef = 524CD8622B14C32A00751EBB /* Api+Action.swift */; };
		524CD8EA2B14C97C00751EBB /* Api+State.swift in Sources */ = {isa = PBXBuildFile; fileRef = 5214A19729BCE8A800C3FD57 /* Api+State.swift */; };
		524CD8EB2B14C97C00751EBB /* Api.swift in Sources */ = {isa = PBXBuildFile; fileRef = 6542895E2646C623009B8BE5 /* Api.swift */; };
		524CD8EC2B14C9DA00751EBB /* WatchKitSession.swift in Sources */ = {isa = PBXBuildFile; fileRef = 5260D9DB26AB19C100901A10 /* WatchKitSession.swift */; };
		524CD8EE2B14C9F000751EBB /* WCSessionRequestData.swift in Sources */ = {isa = PBXBuildFile; fileRef = 5260D9E826AB27C900901A10 /* WCSessionRequestData.swift */; };
		524CD8EF2B14C9F000751EBB /* WCSessionAppResponseData.swift in Sources */ = {isa = PBXBuildFile; fileRef = 5260D9EB26AB27E700901A10 /* WCSessionAppResponseData.swift */; };
		524CD8F02B14C9F000751EBB /* WCSessionWatchResponseData.swift in Sources */ = {isa = PBXBuildFile; fileRef = 5260D9EC26AB27F500901A10 /* WCSessionWatchResponseData.swift */; };
		524CD8F12B14C9F400751EBB /* WatchKitSessionDelegate.swift in Sources */ = {isa = PBXBuildFile; fileRef = 52232AE026A81C2A0024D072 /* WatchKitSessionDelegate.swift */; };
		524CD8F22B14C9F400751EBB /* WatchKitSessionClient.swift in Sources */ = {isa = PBXBuildFile; fileRef = 52232AE726A87F310024D072 /* WatchKitSessionClient.swift */; };
		524CD8F42B14C9F400751EBB /* WCSessionAction.swift in Sources */ = {isa = PBXBuildFile; fileRef = 5260D9E226AB27AB00901A10 /* WCSessionAction.swift */; };
		524CD8F52B14C9F400751EBB /* WCSessionData.swift in Sources */ = {isa = PBXBuildFile; fileRef = 52E0F62C26AADCF200C34206 /* WCSessionData.swift */; };
		524CD8F62B14C9F400751EBB /* WatchKitSession.swift in Sources */ = {isa = PBXBuildFile; fileRef = 5260D9DB26AB19C100901A10 /* WatchKitSession.swift */; };
		524CD8F72B14C9F500751EBB /* WatchKitSessionDelegate.swift in Sources */ = {isa = PBXBuildFile; fileRef = 52232AE026A81C2A0024D072 /* WatchKitSessionDelegate.swift */; };
		524CD8F82B14C9F500751EBB /* WatchKitSessionClient.swift in Sources */ = {isa = PBXBuildFile; fileRef = 52232AE726A87F310024D072 /* WatchKitSessionClient.swift */; };
		524CD8FA2B14C9F500751EBB /* WCSessionAction.swift in Sources */ = {isa = PBXBuildFile; fileRef = 5260D9E226AB27AB00901A10 /* WCSessionAction.swift */; };
		524CD8FB2B14C9F500751EBB /* WCSessionData.swift in Sources */ = {isa = PBXBuildFile; fileRef = 52E0F62C26AADCF200C34206 /* WCSessionData.swift */; };
		524CD8FD2B15192F00751EBB /* friday.cer in Resources */ = {isa = PBXBuildFile; fileRef = 524CD8FC2B15192A00751EBB /* friday.cer */; };
		524CD8FE2B15192F00751EBB /* friday.cer in Resources */ = {isa = PBXBuildFile; fileRef = 524CD8FC2B15192A00751EBB /* friday.cer */; };
		524CD9012B151D9F00751EBB /* Localizable.strings in Resources */ = {isa = PBXBuildFile; fileRef = 52AD4DAC2695D2C700D5C839 /* Localizable.strings */; };
		525079D2268F82E6000F7095 /* UIColor+Hex.swift in Sources */ = {isa = PBXBuildFile; fileRef = 525079D1268F82E6000F7095 /* UIColor+Hex.swift */; };
		525079D4268F82ED000F7095 /* UIImage+Rotate.swift in Sources */ = {isa = PBXBuildFile; fileRef = 525079D3268F82ED000F7095 /* UIImage+Rotate.swift */; };
		525323872B18C5FD0066666B /* RoborockApi in Frameworks */ = {isa = PBXBuildFile; productRef = 525323862B18C5FD0066666B /* RoborockApi */; };
		5260D9EF26AB282900901A10 /* WCSessionWatchResponseData.swift in Sources */ = {isa = PBXBuildFile; fileRef = 5260D9EC26AB27F500901A10 /* WCSessionWatchResponseData.swift */; };
		5260D9F026AB282900901A10 /* WCSessionRequestData.swift in Sources */ = {isa = PBXBuildFile; fileRef = 5260D9E826AB27C900901A10 /* WCSessionRequestData.swift */; };
		5260D9F226AB282900901A10 /* WCSessionAppResponseData.swift in Sources */ = {isa = PBXBuildFile; fileRef = 5260D9EB26AB27E700901A10 /* WCSessionAppResponseData.swift */; };
		5275B16E2649A05B008B4DC7 /* MapView.swift in Sources */ = {isa = PBXBuildFile; fileRef = 5275B16D2649A05B008B4DC7 /* MapView.swift */; };
		528A3A022A716F530005A4DF /* UserDefaultsHelper.swift in Sources */ = {isa = PBXBuildFile; fileRef = 528A3A012A716F530005A4DF /* UserDefaultsHelper.swift */; };
		52989C81268A3FCF00DF3237 /* UIColor+PixelData.swift in Sources */ = {isa = PBXBuildFile; fileRef = 52989C80268A3FCF00DF3237 /* UIColor+PixelData.swift */; };
		52AD4DAA2695D2C700D5C839 /* Localizable.strings in Resources */ = {isa = PBXBuildFile; fileRef = 52AD4DAC2695D2C700D5C839 /* Localizable.strings */; };
		52C658EA26A5C79B009C8D07 /* FanspeedSelection.swift in Sources */ = {isa = PBXBuildFile; fileRef = 52C658E926A5C79B009C8D07 /* FanspeedSelection.swift */; };
		52C7F1B32A08E3FD00D4E495 /* PrimaryButtonStyle.swift in Sources */ = {isa = PBXBuildFile; fileRef = 52C7F1B22A08E3FD00D4E495 /* PrimaryButtonStyle.swift */; };
		52C7F1B52A08E48000D4E495 /* SecondaryButtonStyle.swift in Sources */ = {isa = PBXBuildFile; fileRef = 52C7F1B42A08E48000D4E495 /* SecondaryButtonStyle.swift */; };
		52D1BAAE269C6AB900219230 /* ComposableArchitecture in Frameworks */ = {isa = PBXBuildFile; productRef = 52D1BAAD269C6AB900219230 /* ComposableArchitecture */; };
		52D1BAB0269C6AB900219230 /* Gzip in Frameworks */ = {isa = PBXBuildFile; productRef = 52D1BAAF269C6AB900219230 /* Gzip */; };
		52DBCBA626946C0300D25CC6 /* UIColor+Custom.swift in Sources */ = {isa = PBXBuildFile; fileRef = 52DBCBA526946C0300D25CC6 /* UIColor+Custom.swift */; };
		52DBCBA82694B1AB00D25CC6 /* String+Size.swift in Sources */ = {isa = PBXBuildFile; fileRef = 52DBCBA72694B1AB00D25CC6 /* String+Size.swift */; };
		52DBCBAD2694BBE200D25CC6 /* Settings.swift in Sources */ = {isa = PBXBuildFile; fileRef = 52DBCBAC2694BBE200D25CC6 /* Settings.swift */; };
		52DBCBAF2694BC6A00D25CC6 /* SettingsView.swift in Sources */ = {isa = PBXBuildFile; fileRef = 52DBCBAE2694BC6A00D25CC6 /* SettingsView.swift */; };
		52DBCBB32694C20900D25CC6 /* SectionHeader.swift in Sources */ = {isa = PBXBuildFile; fileRef = 52DBCBB22694C20900D25CC6 /* SectionHeader.swift */; };
		52E39B432A73AAE9006E93E3 /* Colors.xcassets in Resources */ = {isa = PBXBuildFile; fileRef = 52E39B422A73AAE9006E93E3 /* Colors.xcassets */; };
		52EE04CF269CAE8D00C677AA /* SecondaryRoundedButtonStyle.swift in Sources */ = {isa = PBXBuildFile; fileRef = 52EE04CE269CAE8D00C677AA /* SecondaryRoundedButtonStyle.swift */; };
		52F12B9A2689BF4300C5494E /* RRFileParser.swift in Sources */ = {isa = PBXBuildFile; fileRef = 52F12B992689BF4300C5494E /* RRFileParser.swift */; };
		52F12B9F268A2D5400C5494E /* Data+ByteBuffer.swift in Sources */ = {isa = PBXBuildFile; fileRef = 52F12B9E268A2D5400C5494E /* Data+ByteBuffer.swift */; };
		6510E8DF2688AD02001E9230 /* ButtonView.swift in Sources */ = {isa = PBXBuildFile; fileRef = 5275B169264999D1008B4DC7 /* ButtonView.swift */; };
		6510E8E02688AF15001E9230 /* StatusView.swift in Sources */ = {isa = PBXBuildFile; fileRef = 5275B16526499263008B4DC7 /* StatusView.swift */; };
		6542893C2646B78B009B8BE5 /* RoborockApp.swift in Sources */ = {isa = PBXBuildFile; fileRef = 6542893B2646B78B009B8BE5 /* RoborockApp.swift */; };
		654289402646B78C009B8BE5 /* Assets.xcassets in Resources */ = {isa = PBXBuildFile; fileRef = 6542893F2646B78C009B8BE5 /* Assets.xcassets */; };
		654289432646B78C009B8BE5 /* Preview Assets.xcassets in Resources */ = {isa = PBXBuildFile; fileRef = 654289422646B78C009B8BE5 /* Preview Assets.xcassets */; };
		6542895B2646C442009B8BE5 /* Main.swift in Sources */ = {isa = PBXBuildFile; fileRef = 6542895A2646C442009B8BE5 /* Main.swift */; };
		6542895F2646C623009B8BE5 /* Api.swift in Sources */ = {isa = PBXBuildFile; fileRef = 6542895E2646C623009B8BE5 /* Api.swift */; };
		654289682646E884009B8BE5 /* MainView.swift in Sources */ = {isa = PBXBuildFile; fileRef = 654289672646E884009B8BE5 /* MainView.swift */; };
		6542896C264725F1009B8BE5 /* SegmentList.swift in Sources */ = {isa = PBXBuildFile; fileRef = 6542896B264725F1009B8BE5 /* SegmentList.swift */; };
		65F6620F26FF37FB008472C4 /* NetworkExtension.framework in Frameworks */ = {isa = PBXBuildFile; fileRef = 65F6620E26FF37FB008472C4 /* NetworkExtension.framework */; };
/* End PBXBuildFile section */

/* Begin PBXContainerItemProxy section */
		524CD8AB2B14C70900751EBB /* PBXContainerItemProxy */ = {
			isa = PBXContainerItemProxy;
			containerPortal = 654289302646B78B009B8BE5 /* Project object */;
			proxyType = 1;
			remoteGlobalIDString = 524CD89F2B14C70800751EBB;
			remoteInfo = "Valetudo Watch App Watch App";
		};
/* End PBXContainerItemProxy section */

/* Begin PBXCopyFilesBuildPhase section */
		5237FC77269DA2FD00266CD9 /* Embed Watch Content */ = {
			isa = PBXCopyFilesBuildPhase;
			buildActionMask = 2147483647;
			dstPath = "$(CONTENTS_FOLDER_PATH)/Watch";
			dstSubfolderSpec = 16;
			files = (
				524CD8AD2B14C70900751EBB /* Roborock.app in Embed Watch Content */,
			);
			name = "Embed Watch Content";
			runOnlyForDeploymentPostprocessing = 0;
		};
		5249E99E2696E7A70095828E /* Embed Foundation Extensions */ = {
			isa = PBXCopyFilesBuildPhase;
			buildActionMask = 2147483647;
			dstPath = "";
			dstSubfolderSpec = 13;
			files = (
			);
			name = "Embed Foundation Extensions";
			runOnlyForDeploymentPostprocessing = 0;
		};
		52D1BAB5269C6BA100219230 /* Embed Frameworks */ = {
			isa = PBXCopyFilesBuildPhase;
			buildActionMask = 2147483647;
			dstPath = "";
			dstSubfolderSpec = 10;
			files = (
			);
			name = "Embed Frameworks";
			runOnlyForDeploymentPostprocessing = 0;
		};
/* End PBXCopyFilesBuildPhase section */

/* Begin PBXFileReference section */
		52046F2226494C0000E1C041 /* StatusItemView.swift */ = {isa = PBXFileReference; lastKnownFileType = sourcecode.swift; path = StatusItemView.swift; sourceTree = "<group>"; };
		52046F2526494DA100E1C041 /* PrimaryRoundedButtonStyle.swift */ = {isa = PBXFileReference; lastKnownFileType = sourcecode.swift; path = PrimaryRoundedButtonStyle.swift; sourceTree = "<group>"; };
		52046F2826494DC400E1C041 /* BlurView.swift */ = {isa = PBXFileReference; lastKnownFileType = sourcecode.swift; path = BlurView.swift; sourceTree = "<group>"; };
		5214A18D29BCDBD400C3FD57 /* RestClient+Dependency.swift */ = {isa = PBXFileReference; lastKnownFileType = sourcecode.swift; path = "RestClient+Dependency.swift"; sourceTree = "<group>"; };
		5214A19229BCDE3C00C3FD57 /* RRFileParser+Dependency.swift */ = {isa = PBXFileReference; lastKnownFileType = sourcecode.swift; path = "RRFileParser+Dependency.swift"; sourceTree = "<group>"; };
		5214A19729BCE8A800C3FD57 /* Api+State.swift */ = {isa = PBXFileReference; lastKnownFileType = sourcecode.swift; path = "Api+State.swift"; sourceTree = "<group>"; };
		52232ADC26A74C250024D072 /* bitrise.yml */ = {isa = PBXFileReference; lastKnownFileType = text.yaml; path = bitrise.yml; sourceTree = "<group>"; };
		52232AE026A81C2A0024D072 /* WatchKitSessionDelegate.swift */ = {isa = PBXFileReference; lastKnownFileType = sourcecode.swift; path = WatchKitSessionDelegate.swift; sourceTree = "<group>"; };
		52232AE726A87F310024D072 /* WatchKitSessionClient.swift */ = {isa = PBXFileReference; lastKnownFileType = sourcecode.swift; path = WatchKitSessionClient.swift; sourceTree = "<group>"; };
		52480D4F2A72B46300227FB8 /* ZoomableModifier.swift */ = {isa = PBXFileReference; lastKnownFileType = sourcecode.swift; path = ZoomableModifier.swift; sourceTree = "<group>"; };
		52480D512A72B47400227FB8 /* ZoomableView.swift */ = {isa = PBXFileReference; lastKnownFileType = sourcecode.swift; path = ZoomableView.swift; sourceTree = "<group>"; };
		5249E97D2695D6930095828E /* HeaderView.swift */ = {isa = PBXFileReference; lastKnownFileType = sourcecode.swift; path = HeaderView.swift; sourceTree = "<group>"; };
		5249E97F2695D6ED0095828E /* NotConnectedView.swift */ = {isa = PBXFileReference; lastKnownFileType = sourcecode.swift; path = NotConnectedView.swift; sourceTree = "<group>"; };
		5249E9812695D7C00095828E /* RoomSelectionView.swift */ = {isa = PBXFileReference; lastKnownFileType = sourcecode.swift; path = RoomSelectionView.swift; sourceTree = "<group>"; };
		5249E984269609FA0095828E /* Roborock.entitlements */ = {isa = PBXFileReference; lastKnownFileType = text.plist.entitlements; path = Roborock.entitlements; sourceTree = "<group>"; };
		5249E98F2696E7A70095828E /* IntentsUI.framework */ = {isa = PBXFileReference; lastKnownFileType = wrapper.framework; name = IntentsUI.framework; path = System/Library/Frameworks/IntentsUI.framework; sourceTree = SDKROOT; };
		5249E9A426970BD00095828E /* Intents.framework */ = {isa = PBXFileReference; lastKnownFileType = wrapper.framework; name = Intents.framework; path = System/Library/Frameworks/Intents.framework; sourceTree = SDKROOT; };
		524CD8622B14C32A00751EBB /* Api+Action.swift */ = {isa = PBXFileReference; fileEncoding = 4; lastKnownFileType = sourcecode.swift; path = "Api+Action.swift"; sourceTree = "<group>"; };
		524CD8A02B14C70800751EBB /* Roborock.app */ = {isa = PBXFileReference; explicitFileType = wrapper.application; includeInIndex = 0; path = Roborock.app; sourceTree = BUILT_PRODUCTS_DIR; };
		524CD8A22B14C70800751EBB /* RoborockWatchApp.swift */ = {isa = PBXFileReference; lastKnownFileType = sourcecode.swift; path = RoborockWatchApp.swift; sourceTree = "<group>"; };
		524CD8A62B14C70900751EBB /* Assets.xcassets */ = {isa = PBXFileReference; lastKnownFileType = folder.assetcatalog; path = Assets.xcassets; sourceTree = "<group>"; };
		524CD8A92B14C70900751EBB /* Preview Assets.xcassets */ = {isa = PBXFileReference; lastKnownFileType = folder.assetcatalog; path = "Preview Assets.xcassets"; sourceTree = "<group>"; };
		524CD8B72B14C87500751EBB /* HomeView.swift */ = {isa = PBXFileReference; fileEncoding = 4; lastKnownFileType = sourcecode.swift; path = HomeView.swift; sourceTree = "<group>"; };
		524CD8B92B14C87500751EBB /* BatteryTileView.swift */ = {isa = PBXFileReference; fileEncoding = 4; lastKnownFileType = sourcecode.swift; path = BatteryTileView.swift; sourceTree = "<group>"; };
		524CD8BA2B14C87500751EBB /* StatusTileView.swift */ = {isa = PBXFileReference; fileEncoding = 4; lastKnownFileType = sourcecode.swift; path = StatusTileView.swift; sourceTree = "<group>"; };
		524CD8BB2B14C87500751EBB /* StateTileView.swift */ = {isa = PBXFileReference; fileEncoding = 4; lastKnownFileType = sourcecode.swift; path = StateTileView.swift; sourceTree = "<group>"; };
		524CD8BC2B14C87500751EBB /* SegmentList.swift */ = {isa = PBXFileReference; fileEncoding = 4; lastKnownFileType = sourcecode.swift; path = SegmentList.swift; sourceTree = "<group>"; };
		524CD8BD2B14C87500751EBB /* FanspeedList.swift */ = {isa = PBXFileReference; fileEncoding = 4; lastKnownFileType = sourcecode.swift; path = FanspeedList.swift; sourceTree = "<group>"; };
		524CD8BE2B14C87500751EBB /* CircularProgressViewStyle.swift */ = {isa = PBXFileReference; fileEncoding = 4; lastKnownFileType = sourcecode.swift; path = CircularProgressViewStyle.swift; sourceTree = "<group>"; };
		524CD8BF2B14C87500751EBB /* ButtonView.swift */ = {isa = PBXFileReference; fileEncoding = 4; lastKnownFileType = sourcecode.swift; path = ButtonView.swift; sourceTree = "<group>"; };
		524CD8C52B14C87500751EBB /* MainView.swift */ = {isa = PBXFileReference; fileEncoding = 4; lastKnownFileType = sourcecode.swift; path = MainView.swift; sourceTree = "<group>"; };
		524CD8C62B14C87500751EBB /* Main.swift */ = {isa = PBXFileReference; fileEncoding = 4; lastKnownFileType = sourcecode.swift; path = Main.swift; sourceTree = "<group>"; };
		524CD8C82B14C87500751EBB /* PrimaryButtonStyle.swift */ = {isa = PBXFileReference; fileEncoding = 4; lastKnownFileType = sourcecode.swift; path = PrimaryButtonStyle.swift; sourceTree = "<group>"; };
		524CD8C92B14C87500751EBB /* CircularButtonStyle.swift */ = {isa = PBXFileReference; fileEncoding = 4; lastKnownFileType = sourcecode.swift; path = CircularButtonStyle.swift; sourceTree = "<group>"; };
		524CD8FC2B15192A00751EBB /* friday.cer */ = {isa = PBXFileReference; lastKnownFileType = file; path = friday.cer; sourceTree = "<group>"; };
		524CD8FF2B151A6400751EBB /* Roborock-Watch-App--Info.plist */ = {isa = PBXFileReference; lastKnownFileType = text.plist; path = "Roborock-Watch-App--Info.plist"; sourceTree = "<group>"; };
		525079D1268F82E6000F7095 /* UIColor+Hex.swift */ = {isa = PBXFileReference; lastKnownFileType = sourcecode.swift; path = "UIColor+Hex.swift"; sourceTree = "<group>"; };
		525079D3268F82ED000F7095 /* UIImage+Rotate.swift */ = {isa = PBXFileReference; lastKnownFileType = sourcecode.swift; path = "UIImage+Rotate.swift"; sourceTree = "<group>"; };
		5260D9DB26AB19C100901A10 /* WatchKitSession.swift */ = {isa = PBXFileReference; lastKnownFileType = sourcecode.swift; path = WatchKitSession.swift; sourceTree = "<group>"; };
		5260D9E226AB27AB00901A10 /* WCSessionAction.swift */ = {isa = PBXFileReference; lastKnownFileType = sourcecode.swift; path = WCSessionAction.swift; sourceTree = "<group>"; };
		5260D9E826AB27C900901A10 /* WCSessionRequestData.swift */ = {isa = PBXFileReference; lastKnownFileType = sourcecode.swift; path = WCSessionRequestData.swift; sourceTree = "<group>"; };
		5260D9EB26AB27E700901A10 /* WCSessionAppResponseData.swift */ = {isa = PBXFileReference; lastKnownFileType = sourcecode.swift; path = WCSessionAppResponseData.swift; sourceTree = "<group>"; };
		5260D9EC26AB27F500901A10 /* WCSessionWatchResponseData.swift */ = {isa = PBXFileReference; lastKnownFileType = sourcecode.swift; path = WCSessionWatchResponseData.swift; sourceTree = "<group>"; };
		5275B16526499263008B4DC7 /* StatusView.swift */ = {isa = PBXFileReference; lastKnownFileType = sourcecode.swift; path = StatusView.swift; sourceTree = "<group>"; };
		5275B169264999D1008B4DC7 /* ButtonView.swift */ = {isa = PBXFileReference; lastKnownFileType = sourcecode.swift; path = ButtonView.swift; sourceTree = "<group>"; };
		5275B16D2649A05B008B4DC7 /* MapView.swift */ = {isa = PBXFileReference; lastKnownFileType = sourcecode.swift; path = MapView.swift; sourceTree = "<group>"; };
		528A3A012A716F530005A4DF /* UserDefaultsHelper.swift */ = {isa = PBXFileReference; lastKnownFileType = sourcecode.swift; path = UserDefaultsHelper.swift; sourceTree = "<group>"; };
		52989C80268A3FCF00DF3237 /* UIColor+PixelData.swift */ = {isa = PBXFileReference; lastKnownFileType = sourcecode.swift; path = "UIColor+PixelData.swift"; sourceTree = "<group>"; };
		52AD4DAB2695D2C700D5C839 /* en */ = {isa = PBXFileReference; lastKnownFileType = text.plist.strings; name = en; path = en.lproj/Localizable.strings; sourceTree = "<group>"; };
		52AD4DAD2695D2D200D5C839 /* de */ = {isa = PBXFileReference; lastKnownFileType = text.plist.strings; name = de; path = de.lproj/Localizable.strings; sourceTree = "<group>"; };
		52C658E926A5C79B009C8D07 /* FanspeedSelection.swift */ = {isa = PBXFileReference; lastKnownFileType = sourcecode.swift; path = FanspeedSelection.swift; sourceTree = "<group>"; };
		52C7F1B22A08E3FD00D4E495 /* PrimaryButtonStyle.swift */ = {isa = PBXFileReference; lastKnownFileType = sourcecode.swift; path = PrimaryButtonStyle.swift; sourceTree = "<group>"; };
		52C7F1B42A08E48000D4E495 /* SecondaryButtonStyle.swift */ = {isa = PBXFileReference; lastKnownFileType = sourcecode.swift; path = SecondaryButtonStyle.swift; sourceTree = "<group>"; };
		52DBCBA526946C0300D25CC6 /* UIColor+Custom.swift */ = {isa = PBXFileReference; lastKnownFileType = sourcecode.swift; path = "UIColor+Custom.swift"; sourceTree = "<group>"; };
		52DBCBA72694B1AB00D25CC6 /* String+Size.swift */ = {isa = PBXFileReference; lastKnownFileType = sourcecode.swift; path = "String+Size.swift"; sourceTree = "<group>"; };
		52DBCBAC2694BBE200D25CC6 /* Settings.swift */ = {isa = PBXFileReference; lastKnownFileType = sourcecode.swift; path = Settings.swift; sourceTree = "<group>"; };
		52DBCBAE2694BC6A00D25CC6 /* SettingsView.swift */ = {isa = PBXFileReference; lastKnownFileType = sourcecode.swift; path = SettingsView.swift; sourceTree = "<group>"; };
		52DBCBB22694C20900D25CC6 /* SectionHeader.swift */ = {isa = PBXFileReference; lastKnownFileType = sourcecode.swift; path = SectionHeader.swift; sourceTree = "<group>"; };
		52E0F62C26AADCF200C34206 /* WCSessionData.swift */ = {isa = PBXFileReference; lastKnownFileType = sourcecode.swift; path = WCSessionData.swift; sourceTree = "<group>"; };
		52E39B422A73AAE9006E93E3 /* Colors.xcassets */ = {isa = PBXFileReference; lastKnownFileType = folder.assetcatalog; path = Colors.xcassets; sourceTree = "<group>"; };
		52EE04C7269CA2AB00C677AA /* .swiftlint.yml */ = {isa = PBXFileReference; lastKnownFileType = text.yaml; path = .swiftlint.yml; sourceTree = SOURCE_ROOT; };
		52EE04CE269CAE8D00C677AA /* SecondaryRoundedButtonStyle.swift */ = {isa = PBXFileReference; lastKnownFileType = sourcecode.swift; path = SecondaryRoundedButtonStyle.swift; sourceTree = "<group>"; };
		52F12B992689BF4300C5494E /* RRFileParser.swift */ = {isa = PBXFileReference; lastKnownFileType = sourcecode.swift; path = RRFileParser.swift; sourceTree = "<group>"; };
		52F12B9E268A2D5400C5494E /* Data+ByteBuffer.swift */ = {isa = PBXFileReference; lastKnownFileType = sourcecode.swift; path = "Data+ByteBuffer.swift"; sourceTree = "<group>"; };
		654289382646B78B009B8BE5 /* Roborock.app */ = {isa = PBXFileReference; explicitFileType = wrapper.application; includeInIndex = 0; path = Roborock.app; sourceTree = BUILT_PRODUCTS_DIR; };
		6542893B2646B78B009B8BE5 /* RoborockApp.swift */ = {isa = PBXFileReference; lastKnownFileType = sourcecode.swift; path = RoborockApp.swift; sourceTree = "<group>"; };
		6542893F2646B78C009B8BE5 /* Assets.xcassets */ = {isa = PBXFileReference; lastKnownFileType = folder.assetcatalog; path = Assets.xcassets; sourceTree = "<group>"; };
		654289422646B78C009B8BE5 /* Preview Assets.xcassets */ = {isa = PBXFileReference; lastKnownFileType = folder.assetcatalog; path = "Preview Assets.xcassets"; sourceTree = "<group>"; };
		654289442646B78C009B8BE5 /* Info.plist */ = {isa = PBXFileReference; lastKnownFileType = text.plist.xml; path = Info.plist; sourceTree = "<group>"; };
		6542895A2646C442009B8BE5 /* Main.swift */ = {isa = PBXFileReference; lastKnownFileType = sourcecode.swift; path = Main.swift; sourceTree = "<group>"; };
		6542895E2646C623009B8BE5 /* Api.swift */ = {isa = PBXFileReference; lastKnownFileType = sourcecode.swift; path = Api.swift; sourceTree = "<group>"; };
		654289672646E884009B8BE5 /* MainView.swift */ = {isa = PBXFileReference; lastKnownFileType = sourcecode.swift; path = MainView.swift; sourceTree = "<group>"; };
		6542896B264725F1009B8BE5 /* SegmentList.swift */ = {isa = PBXFileReference; lastKnownFileType = sourcecode.swift; path = SegmentList.swift; sourceTree = "<group>"; };
		65F6620E26FF37FB008472C4 /* NetworkExtension.framework */ = {isa = PBXFileReference; lastKnownFileType = wrapper.framework; name = NetworkExtension.framework; path = System/Library/Frameworks/NetworkExtension.framework; sourceTree = SDKROOT; };
/* End PBXFileReference section */

/* Begin PBXFrameworksBuildPhase section */
		524CD89D2B14C70800751EBB /* Frameworks */ = {
			isa = PBXFrameworksBuildPhase;
			buildActionMask = 2147483647;
			files = (
				525323872B18C5FD0066666B /* RoborockApi in Frameworks */,
				524CD8B22B14C84F00751EBB /* ComposableArchitecture in Frameworks */,
			);
			runOnlyForDeploymentPostprocessing = 0;
		};
		654289352646B78B009B8BE5 /* Frameworks */ = {
			isa = PBXFrameworksBuildPhase;
			buildActionMask = 2147483647;
			files = (
				52D1BAB0269C6AB900219230 /* Gzip in Frameworks */,
				65F6620F26FF37FB008472C4 /* NetworkExtension.framework in Frameworks */,
				5200DB3726AC76450026D69F /* RoborockApi in Frameworks */,
				52D1BAAE269C6AB900219230 /* ComposableArchitecture in Frameworks */,
			);
			runOnlyForDeploymentPostprocessing = 0;
		};
/* End PBXFrameworksBuildPhase section */

/* Begin PBXGroup section */
		52046F2126494BF100E1C041 /* Views */ = {
			isa = PBXGroup;
			children = (
				52DBCBB22694C20900D25CC6 /* SectionHeader.swift */,
				52046F2826494DC400E1C041 /* BlurView.swift */,
				52046F2526494DA100E1C041 /* PrimaryRoundedButtonStyle.swift */,
				52C7F1B22A08E3FD00D4E495 /* PrimaryButtonStyle.swift */,
				52C7F1B42A08E48000D4E495 /* SecondaryButtonStyle.swift */,
				52EE04CE269CAE8D00C677AA /* SecondaryRoundedButtonStyle.swift */,
				52480D512A72B47400227FB8 /* ZoomableView.swift */,
			);
			path = Views;
			sourceTree = "<group>";
		};
		52232AE326A81E840024D072 /* Shared */ = {
			isa = PBXGroup;
			children = (
				524CD9002B151D9200751EBB /* Supporting Files */,
				52232AE426A81EB30024D072 /* Api */,
				52E39B422A73AAE9006E93E3 /* Colors.xcassets */,
				524CD8FC2B15192A00751EBB /* friday.cer */,
				52232AE526A81EBA0024D072 /* Shared */,
				5260D9E126AB278000901A10 /* WatchConnection */,
			);
			path = Shared;
			sourceTree = "<group>";
		};
		52232AE426A81EB30024D072 /* Api */ = {
			isa = PBXGroup;
			children = (
				6542895E2646C623009B8BE5 /* Api.swift */,
				524CD8622B14C32A00751EBB /* Api+Action.swift */,
				5214A19729BCE8A800C3FD57 /* Api+State.swift */,
				5214A18D29BCDBD400C3FD57 /* RestClient+Dependency.swift */,
			);
			path = Api;
			sourceTree = "<group>";
		};
		52232AE526A81EBA0024D072 /* Shared */ = {
			isa = PBXGroup;
			children = (
				528A3A012A716F530005A4DF /* UserDefaultsHelper.swift */,
			);
			path = Shared;
			sourceTree = "<group>";
		};
		522336C9269351B300748AFD /* RRFileParser */ = {
			isa = PBXGroup;
			children = (
				52F12B992689BF4300C5494E /* RRFileParser.swift */,
				5214A19229BCDE3C00C3FD57 /* RRFileParser+Dependency.swift */,
			);
			path = RRFileParser;
			sourceTree = "<group>";
		};
		5249E97A2695D5390095828E /* Code */ = {
			isa = PBXGroup;
			children = (
				6542893B2646B78B009B8BE5 /* RoborockApp.swift */,
				52F12B9D268A2D4400C5494E /* Helper */,
				654289592646C438009B8BE5 /* Main */,
				522336C9269351B300748AFD /* RRFileParser */,
				52DBCBAB2694BBDA00D25CC6 /* Settings */,
				52046F2126494BF100E1C041 /* Views */,
			);
			path = Code;
			sourceTree = "<group>";
		};
		5249E97B2695D55A0095828E /* Assets */ = {
			isa = PBXGroup;
			children = (
				6542893F2646B78C009B8BE5 /* Assets.xcassets */,
			);
			path = Assets;
			sourceTree = "<group>";
		};
		5249E97C2695D5640095828E /* Supporting Files */ = {
			isa = PBXGroup;
			children = (
				654289442646B78C009B8BE5 /* Info.plist */,
				5249E984269609FA0095828E /* Roborock.entitlements */,
			);
			path = "Supporting Files";
			sourceTree = "<group>";
		};
		5249E9832695D8440095828E /* Views */ = {
			isa = PBXGroup;
			children = (
				5275B169264999D1008B4DC7 /* ButtonView.swift */,
				52C658E926A5C79B009C8D07 /* FanspeedSelection.swift */,
				5249E97D2695D6930095828E /* HeaderView.swift */,
				5275B16D2649A05B008B4DC7 /* MapView.swift */,
				5249E97F2695D6ED0095828E /* NotConnectedView.swift */,
				6542896B264725F1009B8BE5 /* SegmentList.swift */,
				52046F2226494C0000E1C041 /* StatusItemView.swift */,
				5275B16526499263008B4DC7 /* StatusView.swift */,
			);
			path = Views;
			sourceTree = "<group>";
		};
		5249E98E2696E7A70095828E /* Frameworks */ = {
			isa = PBXGroup;
			children = (
				65F6620E26FF37FB008472C4 /* NetworkExtension.framework */,
				5249E98F2696E7A70095828E /* IntentsUI.framework */,
				5249E9A426970BD00095828E /* Intents.framework */,
			);
			name = Frameworks;
			sourceTree = "<group>";
		};
		524CD8A12B14C70800751EBB /* Roborock Watch App */ = {
			isa = PBXGroup;
			children = (
				524CD8B52B14C87500751EBB /* Code */,
				524CD8A62B14C70900751EBB /* Assets.xcassets */,
				524CD8A82B14C70900751EBB /* Preview Content */,
			);
			path = "Roborock Watch App";
			sourceTree = "<group>";
		};
		524CD8A82B14C70900751EBB /* Preview Content */ = {
			isa = PBXGroup;
			children = (
				524CD8A92B14C70900751EBB /* Preview Assets.xcassets */,
			);
			path = "Preview Content";
			sourceTree = "<group>";
		};
		524CD8B52B14C87500751EBB /* Code */ = {
			isa = PBXGroup;
			children = (
				524CD8A22B14C70800751EBB /* RoborockWatchApp.swift */,
				524CD8B62B14C87500751EBB /* Home */,
				524CD8C42B14C87500751EBB /* Main */,
				524CD8C72B14C87500751EBB /* Views */,
			);
			path = Code;
			sourceTree = "<group>";
		};
		524CD8B62B14C87500751EBB /* Home */ = {
			isa = PBXGroup;
			children = (
				524CD8B72B14C87500751EBB /* HomeView.swift */,
				524CD8B82B14C87500751EBB /* Views */,
			);
			path = Home;
			sourceTree = "<group>";
		};
		524CD8B82B14C87500751EBB /* Views */ = {
			isa = PBXGroup;
			children = (
				524CD8B92B14C87500751EBB /* BatteryTileView.swift */,
				524CD8BA2B14C87500751EBB /* StatusTileView.swift */,
				524CD8BB2B14C87500751EBB /* StateTileView.swift */,
				524CD8BC2B14C87500751EBB /* SegmentList.swift */,
				524CD8BD2B14C87500751EBB /* FanspeedList.swift */,
				524CD8BE2B14C87500751EBB /* CircularProgressViewStyle.swift */,
				524CD8BF2B14C87500751EBB /* ButtonView.swift */,
			);
			path = Views;
			sourceTree = "<group>";
		};
		524CD8C42B14C87500751EBB /* Main */ = {
			isa = PBXGroup;
			children = (
				524CD8C52B14C87500751EBB /* MainView.swift */,
				524CD8C62B14C87500751EBB /* Main.swift */,
			);
			path = Main;
			sourceTree = "<group>";
		};
		524CD8C72B14C87500751EBB /* Views */ = {
			isa = PBXGroup;
			children = (
				524CD8C82B14C87500751EBB /* PrimaryButtonStyle.swift */,
				524CD8C92B14C87500751EBB /* CircularButtonStyle.swift */,
			);
			path = Views;
			sourceTree = "<group>";
		};
		524CD9002B151D9200751EBB /* Supporting Files */ = {
			isa = PBXGroup;
			children = (
				52AD4DAC2695D2C700D5C839 /* Localizable.strings */,
			);
			path = "Supporting Files";
			sourceTree = "<group>";
		};
		5260D9E126AB278000901A10 /* WatchConnection */ = {
			isa = PBXGroup;
			children = (
				5260D9F526AB283300901A10 /* Model */,
				5260D9DB26AB19C100901A10 /* WatchKitSession.swift */,
				52232AE726A87F310024D072 /* WatchKitSessionClient.swift */,
				52232AE026A81C2A0024D072 /* WatchKitSessionDelegate.swift */,
				5260D9E226AB27AB00901A10 /* WCSessionAction.swift */,
				52E0F62C26AADCF200C34206 /* WCSessionData.swift */,
			);
			path = WatchConnection;
			sourceTree = "<group>";
		};
		5260D9F526AB283300901A10 /* Model */ = {
			isa = PBXGroup;
			children = (
				5260D9E826AB27C900901A10 /* WCSessionRequestData.swift */,
				5260D9EB26AB27E700901A10 /* WCSessionAppResponseData.swift */,
				5260D9EC26AB27F500901A10 /* WCSessionWatchResponseData.swift */,
			);
			path = Model;
			sourceTree = "<group>";
		};
		52DBCBAB2694BBDA00D25CC6 /* Settings */ = {
			isa = PBXGroup;
			children = (
				52DBCBAC2694BBE200D25CC6 /* Settings.swift */,
				52DBCBAE2694BC6A00D25CC6 /* SettingsView.swift */,
			);
			path = Settings;
			sourceTree = "<group>";
		};
		52F12B9D268A2D4400C5494E /* Helper */ = {
			isa = PBXGroup;
			children = (
				52F12B9E268A2D5400C5494E /* Data+ByteBuffer.swift */,
				525079D1268F82E6000F7095 /* UIColor+Hex.swift */,
				52989C80268A3FCF00DF3237 /* UIColor+PixelData.swift */,
				525079D3268F82ED000F7095 /* UIImage+Rotate.swift */,
				52DBCBA526946C0300D25CC6 /* UIColor+Custom.swift */,
				52DBCBA72694B1AB00D25CC6 /* String+Size.swift */,
				52480D4F2A72B46300227FB8 /* ZoomableModifier.swift */,
			);
			path = Helper;
			sourceTree = "<group>";
		};
		6542892F2646B78B009B8BE5 = {
			isa = PBXGroup;
			children = (
				524CD8FF2B151A6400751EBB /* Roborock-Watch-App--Info.plist */,
				52EE04C7269CA2AB00C677AA /* .swiftlint.yml */,
				52232ADC26A74C250024D072 /* bitrise.yml */,
				6542893A2646B78B009B8BE5 /* Roborock */,
				524CD8A12B14C70800751EBB /* Roborock Watch App */,
				52232AE326A81E840024D072 /* Shared */,
				5249E98E2696E7A70095828E /* Frameworks */,
				654289392646B78B009B8BE5 /* Products */,
			);
			sourceTree = "<group>";
		};
		654289392646B78B009B8BE5 /* Products */ = {
			isa = PBXGroup;
			children = (
				654289382646B78B009B8BE5 /* Roborock.app */,
				524CD8A02B14C70800751EBB /* Roborock.app */,
			);
			name = Products;
			sourceTree = "<group>";
		};
		6542893A2646B78B009B8BE5 /* Roborock */ = {
			isa = PBXGroup;
			children = (
				5249E97B2695D55A0095828E /* Assets */,
				5249E97A2695D5390095828E /* Code */,
				654289412646B78C009B8BE5 /* Preview Content */,
				5249E97C2695D5640095828E /* Supporting Files */,
			);
			path = Roborock;
			sourceTree = "<group>";
		};
		654289412646B78C009B8BE5 /* Preview Content */ = {
			isa = PBXGroup;
			children = (
				654289422646B78C009B8BE5 /* Preview Assets.xcassets */,
			);
			path = "Preview Content";
			sourceTree = "<group>";
		};
		654289592646C438009B8BE5 /* Main */ = {
			isa = PBXGroup;
			children = (
				6542895A2646C442009B8BE5 /* Main.swift */,
				654289672646E884009B8BE5 /* MainView.swift */,
				5249E9812695D7C00095828E /* RoomSelectionView.swift */,
				5249E9832695D8440095828E /* Views */,
			);
			path = Main;
			sourceTree = "<group>";
		};
/* End PBXGroup section */

/* Begin PBXNativeTarget section */
		524CD89F2B14C70800751EBB /* Roborock Watch App´ */ = {
			isa = PBXNativeTarget;
			buildConfigurationList = 524CD8AE2B14C70A00751EBB /* Build configuration list for PBXNativeTarget "Roborock Watch App´" */;
			buildPhases = (
				524CD89C2B14C70800751EBB /* Sources */,
				524CD89D2B14C70800751EBB /* Frameworks */,
				524CD89E2B14C70800751EBB /* Resources */,
			);
			buildRules = (
			);
			dependencies = (
			);
			name = "Roborock Watch App´";
			packageProductDependencies = (
				524CD8B12B14C84F00751EBB /* ComposableArchitecture */,
				525323862B18C5FD0066666B /* RoborockApi */,
			);
			productName = "Valetudo Watch App Watch App";
			productReference = 524CD8A02B14C70800751EBB /* Roborock.app */;
			productType = "com.apple.product-type.application";
		};
		654289372646B78B009B8BE5 /* Roborock */ = {
			isa = PBXNativeTarget;
			buildConfigurationList = 654289472646B78C009B8BE5 /* Build configuration list for PBXNativeTarget "Roborock" */;
			buildPhases = (
				654289342646B78B009B8BE5 /* Sources */,
				654289352646B78B009B8BE5 /* Frameworks */,
				654289362646B78B009B8BE5 /* Resources */,
				52EE04C6269CA24A00C677AA /* Swiftlint */,
				5249E99E2696E7A70095828E /* Embed Foundation Extensions */,
				52D1BAB5269C6BA100219230 /* Embed Frameworks */,
				5237FC77269DA2FD00266CD9 /* Embed Watch Content */,
			);
			buildRules = (
			);
			dependencies = (
				524CD8AC2B14C70900751EBB /* PBXTargetDependency */,
			);
			name = Roborock;
			packageProductDependencies = (
				52D1BAAD269C6AB900219230 /* ComposableArchitecture */,
				52D1BAAF269C6AB900219230 /* Gzip */,
				5200DB3626AC76450026D69F /* RoborockApi */,
			);
			productName = Roborock;
			productReference = 654289382646B78B009B8BE5 /* Roborock.app */;
			productType = "com.apple.product-type.application";
		};
/* End PBXNativeTarget section */

/* Begin PBXProject section */
		654289302646B78B009B8BE5 /* Project object */ = {
			isa = PBXProject;
			attributes = {
				BuildIndependentTargetsInParallel = YES;
				LastSwiftUpdateCheck = 1500;
				LastUpgradeCheck = 1500;
				TargetAttributes = {
					524CD89F2B14C70800751EBB = {
						CreatedOnToolsVersion = 15.0.1;
					};
					654289372646B78B009B8BE5 = {
						CreatedOnToolsVersion = 12.5;
					};
				};
			};
			buildConfigurationList = 654289332646B78B009B8BE5 /* Build configuration list for PBXProject "Roborock" */;
			compatibilityVersion = "Xcode 9.3";
			developmentRegion = en;
			hasScannedForEncodings = 0;
			knownRegions = (
				en,
				Base,
				de,
			);
			mainGroup = 6542892F2646B78B009B8BE5;
			packageReferences = (
				6542894A2646B7D5009B8BE5 /* XCRemoteSwiftPackageReference "swift-composable-architecture" */,
				6510E8E12688B50C001E9230 /* XCRemoteSwiftPackageReference "GzipSwift" */,
				5200DB3526AC76450026D69F /* XCRemoteSwiftPackageReference "Roborock-Api" */,
			);
			productRefGroup = 654289392646B78B009B8BE5 /* Products */;
			projectDirPath = "";
			projectRoot = "";
			targets = (
				654289372646B78B009B8BE5 /* Roborock */,
				524CD89F2B14C70800751EBB /* Roborock Watch App´ */,
			);
		};
/* End PBXProject section */

/* Begin PBXResourcesBuildPhase section */
		524CD89E2B14C70800751EBB /* Resources */ = {
			isa = PBXResourcesBuildPhase;
			buildActionMask = 2147483647;
			files = (
				524CD8AA2B14C70900751EBB /* Preview Assets.xcassets in Resources */,
				524CD9012B151D9F00751EBB /* Localizable.strings in Resources */,
				524CD8FE2B15192F00751EBB /* friday.cer in Resources */,
				524CD8A72B14C70900751EBB /* Assets.xcassets in Resources */,
			);
			runOnlyForDeploymentPostprocessing = 0;
		};
		654289362646B78B009B8BE5 /* Resources */ = {
			isa = PBXResourcesBuildPhase;
			buildActionMask = 2147483647;
			files = (
				524CD8FD2B15192F00751EBB /* friday.cer in Resources */,
				654289432646B78C009B8BE5 /* Preview Assets.xcassets in Resources */,
				52AD4DAA2695D2C700D5C839 /* Localizable.strings in Resources */,
				52E39B432A73AAE9006E93E3 /* Colors.xcassets in Resources */,
				654289402646B78C009B8BE5 /* Assets.xcassets in Resources */,
			);
			runOnlyForDeploymentPostprocessing = 0;
		};
/* End PBXResourcesBuildPhase section */

/* Begin PBXShellScriptBuildPhase section */
		52EE04C6269CA24A00C677AA /* Swiftlint */ = {
			isa = PBXShellScriptBuildPhase;
			alwaysOutOfDate = 1;
			buildActionMask = 2147483647;
			files = (
			);
			inputFileListPaths = (
			);
			inputPaths = (
			);
			name = Swiftlint;
			outputFileListPaths = (
			);
			outputPaths = (
			);
			runOnlyForDeploymentPostprocessing = 0;
			shellPath = /bin/sh;
			shellScript = "#!/bin/sh\n\n# Adds support for Apple Silicon brew directory\nexport PATH=\"$PATH:/opt/homebrew/bin\"\n\nif which swiftlint >/dev/null; then\n  swiftlint\nelse\n  echo \"warning: SwiftLint not installed, download from https://github.com/realm/SwiftLint\"\nfi\n";
		};
/* End PBXShellScriptBuildPhase section */

/* Begin PBXSourcesBuildPhase section */
		524CD89C2B14C70800751EBB /* Sources */ = {
			isa = PBXSourcesBuildPhase;
			buildActionMask = 2147483647;
			files = (
				524CD8F12B14C9F400751EBB /* WatchKitSessionDelegate.swift in Sources */,
				524CD8EB2B14C97C00751EBB /* Api.swift in Sources */,
				524CD8F52B14C9F400751EBB /* WCSessionData.swift in Sources */,
				524CD8E72B14C97300751EBB /* UserDefaultsHelper.swift in Sources */,
				524CD8E12B14C8D900751EBB /* CircularProgressViewStyle.swift in Sources */,
				524CD8DC2B14C8CB00751EBB /* PrimaryButtonStyle.swift in Sources */,
				524CD8E22B14C8D900751EBB /* BatteryTileView.swift in Sources */,
				524CD8EA2B14C97C00751EBB /* Api+State.swift in Sources */,
				524CD8E52B14C8D900751EBB /* SegmentList.swift in Sources */,
				524CD8DB2B14C8CB00751EBB /* CircularButtonStyle.swift in Sources */,
				524CD8F22B14C9F400751EBB /* WatchKitSessionClient.swift in Sources */,
				524CD8DA2B14C8C600751EBB /* Main.swift in Sources */,
				524CD8F62B14C9F400751EBB /* WatchKitSession.swift in Sources */,
				524CD8EF2B14C9F000751EBB /* WCSessionAppResponseData.swift in Sources */,
				524CD8F42B14C9F400751EBB /* WCSessionAction.swift in Sources */,
				524CD8E02B14C8D900751EBB /* StatusTileView.swift in Sources */,
				524CD8E42B14C8D900751EBB /* FanspeedList.swift in Sources */,
				524CD8E32B14C8D900751EBB /* StateTileView.swift in Sources */,
				524CD8E62B14C8D900751EBB /* ButtonView.swift in Sources */,
				524CD8F02B14C9F000751EBB /* WCSessionWatchResponseData.swift in Sources */,
				524CD8E82B14C97C00751EBB /* RestClient+Dependency.swift in Sources */,
				524CD8DF2B14C8D500751EBB /* HomeView.swift in Sources */,
				524CD8DE2B14C8CE00751EBB /* MainView.swift in Sources */,
				524CD8E92B14C97C00751EBB /* Api+Action.swift in Sources */,
				524CD8EE2B14C9F000751EBB /* WCSessionRequestData.swift in Sources */,
				524CD8A32B14C70800751EBB /* RoborockWatchApp.swift in Sources */,
			);
			runOnlyForDeploymentPostprocessing = 0;
		};
		654289342646B78B009B8BE5 /* Sources */ = {
			isa = PBXSourcesBuildPhase;
			buildActionMask = 2147483647;
			files = (
				524CD8FA2B14C9F500751EBB /* WCSessionAction.swift in Sources */,
				52DBCBAF2694BC6A00D25CC6 /* SettingsView.swift in Sources */,
				52480D522A72B47400227FB8 /* ZoomableView.swift in Sources */,
				52046F2926494DC400E1C041 /* BlurView.swift in Sources */,
				52480D502A72B46300227FB8 /* ZoomableModifier.swift in Sources */,
				52F12B9A2689BF4300C5494E /* RRFileParser.swift in Sources */,
				52C658EA26A5C79B009C8D07 /* FanspeedSelection.swift in Sources */,
				5214A19329BCDE3C00C3FD57 /* RRFileParser+Dependency.swift in Sources */,
				6510E8DF2688AD02001E9230 /* ButtonView.swift in Sources */,
				52DBCBA626946C0300D25CC6 /* UIColor+Custom.swift in Sources */,
				52989C81268A3FCF00DF3237 /* UIColor+PixelData.swift in Sources */,
				5260D9F226AB282900901A10 /* WCSessionAppResponseData.swift in Sources */,
				654289682646E884009B8BE5 /* MainView.swift in Sources */,
				525079D4268F82ED000F7095 /* UIImage+Rotate.swift in Sources */,
				52EE04CF269CAE8D00C677AA /* SecondaryRoundedButtonStyle.swift in Sources */,
				6542896C264725F1009B8BE5 /* SegmentList.swift in Sources */,
				6542895B2646C442009B8BE5 /* Main.swift in Sources */,
				52C7F1B32A08E3FD00D4E495 /* PrimaryButtonStyle.swift in Sources */,
				524CD8F72B14C9F500751EBB /* WatchKitSessionDelegate.swift in Sources */,
				6510E8E02688AF15001E9230 /* StatusView.swift in Sources */,
				5260D9EF26AB282900901A10 /* WCSessionWatchResponseData.swift in Sources */,
				52DBCBAD2694BBE200D25CC6 /* Settings.swift in Sources */,
				52046F2626494DA100E1C041 /* PrimaryRoundedButtonStyle.swift in Sources */,
				6542893C2646B78B009B8BE5 /* RoborockApp.swift in Sources */,
				524CD8FB2B14C9F500751EBB /* WCSessionData.swift in Sources */,
				5214A19829BCE8A800C3FD57 /* Api+State.swift in Sources */,
				5249E9802695D6ED0095828E /* NotConnectedView.swift in Sources */,
				52046F2326494C0000E1C041 /* StatusItemView.swift in Sources */,
				52DBCBA82694B1AB00D25CC6 /* String+Size.swift in Sources */,
				524CD8632B14C32A00751EBB /* Api+Action.swift in Sources */,
				525079D2268F82E6000F7095 /* UIColor+Hex.swift in Sources */,
				5214A18E29BCDBD400C3FD57 /* RestClient+Dependency.swift in Sources */,
				5249E9822695D7C00095828E /* RoomSelectionView.swift in Sources */,
				524CD8F82B14C9F500751EBB /* WatchKitSessionClient.swift in Sources */,
				524CD8EC2B14C9DA00751EBB /* WatchKitSession.swift in Sources */,
				5260D9F026AB282900901A10 /* WCSessionRequestData.swift in Sources */,
				6542895F2646C623009B8BE5 /* Api.swift in Sources */,
				52C7F1B52A08E48000D4E495 /* SecondaryButtonStyle.swift in Sources */,
				528A3A022A716F530005A4DF /* UserDefaultsHelper.swift in Sources */,
				52F12B9F268A2D5400C5494E /* Data+ByteBuffer.swift in Sources */,
				5249E97E2695D6930095828E /* HeaderView.swift in Sources */,
				5275B16E2649A05B008B4DC7 /* MapView.swift in Sources */,
				52DBCBB32694C20900D25CC6 /* SectionHeader.swift in Sources */,
			);
			runOnlyForDeploymentPostprocessing = 0;
		};
/* End PBXSourcesBuildPhase section */

/* Begin PBXTargetDependency section */
		524CD8AC2B14C70900751EBB /* PBXTargetDependency */ = {
			isa = PBXTargetDependency;
			target = 524CD89F2B14C70800751EBB /* Roborock Watch App´ */;
			targetProxy = 524CD8AB2B14C70900751EBB /* PBXContainerItemProxy */;
		};
/* End PBXTargetDependency section */

/* Begin PBXVariantGroup section */
		52AD4DAC2695D2C700D5C839 /* Localizable.strings */ = {
			isa = PBXVariantGroup;
			children = (
				52AD4DAB2695D2C700D5C839 /* en */,
				52AD4DAD2695D2D200D5C839 /* de */,
			);
			name = Localizable.strings;
			sourceTree = "<group>";
		};
/* End PBXVariantGroup section */

/* Begin XCBuildConfiguration section */
		524CD8AF2B14C70A00751EBB /* Debug */ = {
			isa = XCBuildConfiguration;
			buildSettings = {
				ASSETCATALOG_COMPILER_APPICON_NAME = AppIcon;
				ASSETCATALOG_COMPILER_GLOBAL_ACCENT_COLOR_NAME = AccentColor;
				CLANG_CXX_LANGUAGE_STANDARD = "gnu++20";
				CODE_SIGN_STYLE = Automatic;
				CURRENT_PROJECT_VERSION = 1;
				DEVELOPMENT_ASSET_PATHS = "\"Roborock Watch App/Preview Content\"";
				DEVELOPMENT_TEAM = N9C9UAVR87;
				ENABLE_PREVIEWS = YES;
				GCC_C_LANGUAGE_STANDARD = gnu17;
				GENERATE_INFOPLIST_FILE = YES;
				INFOPLIST_FILE = "Roborock-Watch-App--Info.plist";
				INFOPLIST_KEY_UISupportedInterfaceOrientations = "UIInterfaceOrientationPortrait UIInterfaceOrientationPortraitUpsideDown";
				INFOPLIST_KEY_WKCompanionAppBundleIdentifier = de.thomashack.Valetudo;
				LD_RUNPATH_SEARCH_PATHS = (
					"$(inherited)",
					"@executable_path/Frameworks",
				);
				LOCALIZATION_PREFERS_STRING_CATALOGS = YES;
				MARKETING_VERSION = 1.0;
				PRODUCT_BUNDLE_IDENTIFIER = de.thomashack.Valetudo.watchkitapp;
				PRODUCT_NAME = Roborock;
				SDKROOT = watchos;
				SKIP_INSTALL = YES;
				SWIFT_ACTIVE_COMPILATION_CONDITIONS = "DEBUG $(inherited)";
				SWIFT_EMIT_LOC_STRINGS = YES;
				SWIFT_VERSION = 5.0;
				TARGETED_DEVICE_FAMILY = 4;
				WATCHOS_DEPLOYMENT_TARGET = 10.0;
			};
			name = Debug;
		};
		524CD8B02B14C70A00751EBB /* Release */ = {
			isa = XCBuildConfiguration;
			buildSettings = {
				ASSETCATALOG_COMPILER_APPICON_NAME = AppIcon;
				ASSETCATALOG_COMPILER_GLOBAL_ACCENT_COLOR_NAME = AccentColor;
				CLANG_CXX_LANGUAGE_STANDARD = "gnu++20";
				CODE_SIGN_STYLE = Automatic;
				CURRENT_PROJECT_VERSION = 1;
				DEVELOPMENT_ASSET_PATHS = "\"Roborock Watch App/Preview Content\"";
				DEVELOPMENT_TEAM = N9C9UAVR87;
				ENABLE_PREVIEWS = YES;
				GCC_C_LANGUAGE_STANDARD = gnu17;
				GENERATE_INFOPLIST_FILE = YES;
				INFOPLIST_FILE = "Roborock-Watch-App--Info.plist";
				INFOPLIST_KEY_UISupportedInterfaceOrientations = "UIInterfaceOrientationPortrait UIInterfaceOrientationPortraitUpsideDown";
				INFOPLIST_KEY_WKCompanionAppBundleIdentifier = de.thomashack.Valetudo;
				LD_RUNPATH_SEARCH_PATHS = (
					"$(inherited)",
					"@executable_path/Frameworks",
				);
				LOCALIZATION_PREFERS_STRING_CATALOGS = YES;
				MARKETING_VERSION = 1.0;
				PRODUCT_BUNDLE_IDENTIFIER = de.thomashack.Valetudo.watchkitapp;
				PRODUCT_NAME = Roborock;
				SDKROOT = watchos;
				SKIP_INSTALL = YES;
				SWIFT_EMIT_LOC_STRINGS = YES;
				SWIFT_VERSION = 5.0;
				TARGETED_DEVICE_FAMILY = 4;
				WATCHOS_DEPLOYMENT_TARGET = 10.0;
			};
			name = Release;
		};
		654289452646B78C009B8BE5 /* Debug */ = {
			isa = XCBuildConfiguration;
			buildSettings = {
				ALWAYS_SEARCH_USER_PATHS = NO;
				ASSETCATALOG_COMPILER_GENERATE_SWIFT_ASSET_SYMBOL_EXTENSIONS = YES;
				CLANG_ANALYZER_LOCALIZABILITY_NONLOCALIZED = YES;
				CLANG_ANALYZER_NONNULL = YES;
				CLANG_ANALYZER_NUMBER_OBJECT_CONVERSION = YES_AGGRESSIVE;
				CLANG_CXX_LANGUAGE_STANDARD = "gnu++14";
				CLANG_CXX_LIBRARY = "libc++";
				CLANG_ENABLE_MODULES = YES;
				CLANG_ENABLE_OBJC_ARC = YES;
				CLANG_ENABLE_OBJC_WEAK = YES;
				CLANG_WARN_BLOCK_CAPTURE_AUTORELEASING = YES;
				CLANG_WARN_BOOL_CONVERSION = YES;
				CLANG_WARN_COMMA = YES;
				CLANG_WARN_CONSTANT_CONVERSION = YES;
				CLANG_WARN_DEPRECATED_OBJC_IMPLEMENTATIONS = YES;
				CLANG_WARN_DIRECT_OBJC_ISA_USAGE = YES_ERROR;
				CLANG_WARN_DOCUMENTATION_COMMENTS = YES;
				CLANG_WARN_EMPTY_BODY = YES;
				CLANG_WARN_ENUM_CONVERSION = YES;
				CLANG_WARN_INFINITE_RECURSION = YES;
				CLANG_WARN_INT_CONVERSION = YES;
				CLANG_WARN_NON_LITERAL_NULL_CONVERSION = YES;
				CLANG_WARN_OBJC_IMPLICIT_RETAIN_SELF = YES;
				CLANG_WARN_OBJC_LITERAL_CONVERSION = YES;
				CLANG_WARN_OBJC_ROOT_CLASS = YES_ERROR;
				CLANG_WARN_QUOTED_INCLUDE_IN_FRAMEWORK_HEADER = YES;
				CLANG_WARN_RANGE_LOOP_ANALYSIS = YES;
				CLANG_WARN_STRICT_PROTOTYPES = YES;
				CLANG_WARN_SUSPICIOUS_MOVE = YES;
				CLANG_WARN_UNGUARDED_AVAILABILITY = YES_AGGRESSIVE;
				CLANG_WARN_UNREACHABLE_CODE = YES;
				CLANG_WARN__DUPLICATE_METHOD_MATCH = YES;
				COPY_PHASE_STRIP = NO;
				DEBUG_INFORMATION_FORMAT = dwarf;
				ENABLE_STRICT_OBJC_MSGSEND = YES;
				ENABLE_TESTABILITY = YES;
				ENABLE_USER_SCRIPT_SANDBOXING = YES;
				GCC_C_LANGUAGE_STANDARD = gnu11;
				GCC_DYNAMIC_NO_PIC = NO;
				GCC_NO_COMMON_BLOCKS = YES;
				GCC_OPTIMIZATION_LEVEL = 0;
				GCC_PREPROCESSOR_DEFINITIONS = (
					"DEBUG=1",
					"$(inherited)",
				);
				GCC_WARN_64_TO_32_BIT_CONVERSION = YES;
				GCC_WARN_ABOUT_RETURN_TYPE = YES_ERROR;
				GCC_WARN_UNDECLARED_SELECTOR = YES;
				GCC_WARN_UNINITIALIZED_AUTOS = YES_AGGRESSIVE;
				GCC_WARN_UNUSED_FUNCTION = YES;
				GCC_WARN_UNUSED_VARIABLE = YES;
				IPHONEOS_DEPLOYMENT_TARGET = 16.0;
				MTL_ENABLE_DEBUG_INFO = INCLUDE_SOURCE;
				MTL_FAST_MATH = YES;
				ONLY_ACTIVE_ARCH = YES;
				SDKROOT = iphoneos;
				SWIFT_ACTIVE_COMPILATION_CONDITIONS = DEBUG;
				SWIFT_OPTIMIZATION_LEVEL = "-Onone";
			};
			name = Debug;
		};
		654289462646B78C009B8BE5 /* Release */ = {
			isa = XCBuildConfiguration;
			buildSettings = {
				ALWAYS_SEARCH_USER_PATHS = NO;
				ASSETCATALOG_COMPILER_GENERATE_SWIFT_ASSET_SYMBOL_EXTENSIONS = YES;
				CLANG_ANALYZER_LOCALIZABILITY_NONLOCALIZED = YES;
				CLANG_ANALYZER_NONNULL = YES;
				CLANG_ANALYZER_NUMBER_OBJECT_CONVERSION = YES_AGGRESSIVE;
				CLANG_CXX_LANGUAGE_STANDARD = "gnu++14";
				CLANG_CXX_LIBRARY = "libc++";
				CLANG_ENABLE_MODULES = YES;
				CLANG_ENABLE_OBJC_ARC = YES;
				CLANG_ENABLE_OBJC_WEAK = YES;
				CLANG_WARN_BLOCK_CAPTURE_AUTORELEASING = YES;
				CLANG_WARN_BOOL_CONVERSION = YES;
				CLANG_WARN_COMMA = YES;
				CLANG_WARN_CONSTANT_CONVERSION = YES;
				CLANG_WARN_DEPRECATED_OBJC_IMPLEMENTATIONS = YES;
				CLANG_WARN_DIRECT_OBJC_ISA_USAGE = YES_ERROR;
				CLANG_WARN_DOCUMENTATION_COMMENTS = YES;
				CLANG_WARN_EMPTY_BODY = YES;
				CLANG_WARN_ENUM_CONVERSION = YES;
				CLANG_WARN_INFINITE_RECURSION = YES;
				CLANG_WARN_INT_CONVERSION = YES;
				CLANG_WARN_NON_LITERAL_NULL_CONVERSION = YES;
				CLANG_WARN_OBJC_IMPLICIT_RETAIN_SELF = YES;
				CLANG_WARN_OBJC_LITERAL_CONVERSION = YES;
				CLANG_WARN_OBJC_ROOT_CLASS = YES_ERROR;
				CLANG_WARN_QUOTED_INCLUDE_IN_FRAMEWORK_HEADER = YES;
				CLANG_WARN_RANGE_LOOP_ANALYSIS = YES;
				CLANG_WARN_STRICT_PROTOTYPES = YES;
				CLANG_WARN_SUSPICIOUS_MOVE = YES;
				CLANG_WARN_UNGUARDED_AVAILABILITY = YES_AGGRESSIVE;
				CLANG_WARN_UNREACHABLE_CODE = YES;
				CLANG_WARN__DUPLICATE_METHOD_MATCH = YES;
				COPY_PHASE_STRIP = NO;
				DEBUG_INFORMATION_FORMAT = "dwarf-with-dsym";
				ENABLE_NS_ASSERTIONS = NO;
				ENABLE_STRICT_OBJC_MSGSEND = YES;
				ENABLE_USER_SCRIPT_SANDBOXING = YES;
				GCC_C_LANGUAGE_STANDARD = gnu11;
				GCC_NO_COMMON_BLOCKS = YES;
				GCC_WARN_64_TO_32_BIT_CONVERSION = YES;
				GCC_WARN_ABOUT_RETURN_TYPE = YES_ERROR;
				GCC_WARN_UNDECLARED_SELECTOR = YES;
				GCC_WARN_UNINITIALIZED_AUTOS = YES_AGGRESSIVE;
				GCC_WARN_UNUSED_FUNCTION = YES;
				GCC_WARN_UNUSED_VARIABLE = YES;
				IPHONEOS_DEPLOYMENT_TARGET = 16.0;
				MTL_ENABLE_DEBUG_INFO = NO;
				MTL_FAST_MATH = YES;
				SDKROOT = iphoneos;
				SWIFT_COMPILATION_MODE = wholemodule;
				SWIFT_OPTIMIZATION_LEVEL = "-O";
				VALIDATE_PRODUCT = YES;
			};
			name = Release;
		};
		654289482646B78C009B8BE5 /* Debug */ = {
			isa = XCBuildConfiguration;
			buildSettings = {
				ALWAYS_EMBED_SWIFT_STANDARD_LIBRARIES = YES;
				ASSETCATALOG_COMPILER_APPICON_NAME = AppIcon;
				ASSETCATALOG_COMPILER_GLOBAL_ACCENT_COLOR_NAME = AccentColor;
				ASSETCATALOG_COMPILER_INCLUDE_ALL_APPICON_ASSETS = NO;
				CODE_SIGN_ENTITLEMENTS = "Roborock/Supporting Files/Roborock.entitlements";
				CODE_SIGN_STYLE = Automatic;
				CURRENT_PROJECT_VERSION = 20230726;
				DEVELOPMENT_ASSET_PATHS = "\"Roborock/Preview Content\"";
				DEVELOPMENT_TEAM = N9C9UAVR87;
				ENABLE_PREVIEWS = YES;
				ENABLE_USER_SCRIPT_SANDBOXING = NO;
				INFOPLIST_FILE = "Roborock/Supporting Files/Info.plist";
				IPHONEOS_DEPLOYMENT_TARGET = 16.0;
				LD_RUNPATH_SEARCH_PATHS = (
					"$(inherited)",
					"@executable_path/Frameworks",
				);
				PRODUCT_BUNDLE_IDENTIFIER = de.thomashack.Valetudo;
				PRODUCT_NAME = "$(TARGET_NAME)";
				PROVISIONING_PROFILE_SPECIFIER = "";
				SWIFT_VERSION = 5.0;
				TARGETED_DEVICE_FAMILY = "1,2";
				WATCHOS_DEPLOYMENT_TARGET = 7.1;
			};
			name = Debug;
		};
		654289492646B78C009B8BE5 /* Release */ = {
			isa = XCBuildConfiguration;
			buildSettings = {
				ALWAYS_EMBED_SWIFT_STANDARD_LIBRARIES = YES;
				ASSETCATALOG_COMPILER_APPICON_NAME = AppIcon;
				ASSETCATALOG_COMPILER_GLOBAL_ACCENT_COLOR_NAME = AccentColor;
				ASSETCATALOG_COMPILER_INCLUDE_ALL_APPICON_ASSETS = NO;
				CODE_SIGN_ENTITLEMENTS = "Roborock/Supporting Files/Roborock.entitlements";
				CODE_SIGN_STYLE = Automatic;
				CURRENT_PROJECT_VERSION = 20230726;
				DEVELOPMENT_ASSET_PATHS = "\"Roborock/Preview Content\"";
				DEVELOPMENT_TEAM = N9C9UAVR87;
				ENABLE_PREVIEWS = YES;
				ENABLE_USER_SCRIPT_SANDBOXING = NO;
				INFOPLIST_FILE = "Roborock/Supporting Files/Info.plist";
				IPHONEOS_DEPLOYMENT_TARGET = 16.0;
				LD_RUNPATH_SEARCH_PATHS = (
					"$(inherited)",
					"@executable_path/Frameworks",
				);
				PRODUCT_BUNDLE_IDENTIFIER = de.thomashack.Valetudo;
				PRODUCT_NAME = "$(TARGET_NAME)";
				PROVISIONING_PROFILE_SPECIFIER = "";
				SWIFT_VERSION = 5.0;
				TARGETED_DEVICE_FAMILY = "1,2";
				WATCHOS_DEPLOYMENT_TARGET = 7.1;
			};
			name = Release;
		};
/* End XCBuildConfiguration section */

/* Begin XCConfigurationList section */
		524CD8AE2B14C70A00751EBB /* Build configuration list for PBXNativeTarget "Roborock Watch App´" */ = {
			isa = XCConfigurationList;
			buildConfigurations = (
				524CD8AF2B14C70A00751EBB /* Debug */,
				524CD8B02B14C70A00751EBB /* Release */,
			);
			defaultConfigurationIsVisible = 0;
			defaultConfigurationName = Release;
		};
		654289332646B78B009B8BE5 /* Build configuration list for PBXProject "Roborock" */ = {
			isa = XCConfigurationList;
			buildConfigurations = (
				654289452646B78C009B8BE5 /* Debug */,
				654289462646B78C009B8BE5 /* Release */,
			);
			defaultConfigurationIsVisible = 0;
			defaultConfigurationName = Release;
		};
		654289472646B78C009B8BE5 /* Build configuration list for PBXNativeTarget "Roborock" */ = {
			isa = XCConfigurationList;
			buildConfigurations = (
				654289482646B78C009B8BE5 /* Debug */,
				654289492646B78C009B8BE5 /* Release */,
			);
			defaultConfigurationIsVisible = 0;
			defaultConfigurationName = Release;
		};
/* End XCConfigurationList section */

/* Begin XCRemoteSwiftPackageReference section */
		5200DB3526AC76450026D69F /* XCRemoteSwiftPackageReference "Roborock-Api" */ = {
			isa = XCRemoteSwiftPackageReference;
			repositoryURL = "https://github.com/ThomasHack/Roborock-Api";
			requirement = {
				branch = main;
				kind = branch;
			};
		};
		6510E8E12688B50C001E9230 /* XCRemoteSwiftPackageReference "GzipSwift" */ = {
			isa = XCRemoteSwiftPackageReference;
			repositoryURL = "https://github.com/1024jp/GzipSwift";
			requirement = {
				kind = upToNextMajorVersion;
				minimumVersion = 5.1.1;
			};
		};
		6542894A2646B7D5009B8BE5 /* XCRemoteSwiftPackageReference "swift-composable-architecture" */ = {
			isa = XCRemoteSwiftPackageReference;
			repositoryURL = "https://github.com/pointfreeco/swift-composable-architecture";
			requirement = {
				kind = upToNextMajorVersion;
				minimumVersion = 1.4.0;
			};
		};
/* End XCRemoteSwiftPackageReference section */

/* Begin XCSwiftPackageProductDependency section */
		5200DB3626AC76450026D69F /* RoborockApi */ = {
			isa = XCSwiftPackageProductDependency;
			package = 5200DB3526AC76450026D69F /* XCRemoteSwiftPackageReference "Roborock-Api" */;
			productName = RoborockApi;
		};
		524CD8B12B14C84F00751EBB /* ComposableArchitecture */ = {
			isa = XCSwiftPackageProductDependency;
			package = 6542894A2646B7D5009B8BE5 /* XCRemoteSwiftPackageReference "swift-composable-architecture" */;
			productName = ComposableArchitecture;
		};
		525323862B18C5FD0066666B /* RoborockApi */ = {
			isa = XCSwiftPackageProductDependency;
			package = 5200DB3526AC76450026D69F /* XCRemoteSwiftPackageReference "Roborock-Api" */;
			productName = RoborockApi;
		};
		52D1BAAD269C6AB900219230 /* ComposableArchitecture */ = {
			isa = XCSwiftPackageProductDependency;
			package = 6542894A2646B7D5009B8BE5 /* XCRemoteSwiftPackageReference "swift-composable-architecture" */;
			productName = ComposableArchitecture;
		};
		52D1BAAF269C6AB900219230 /* Gzip */ = {
			isa = XCSwiftPackageProductDependency;
			package = 6510E8E12688B50C001E9230 /* XCRemoteSwiftPackageReference "GzipSwift" */;
			productName = Gzip;
		};
/* End XCSwiftPackageProductDependency section */
	};
	rootObject = 654289302646B78B009B8BE5 /* Project object */;
}
