// !$*UTF8*$!
{
	archiveVersion = 1;
	classes = {
	};
	objectVersion = 54;
	objects = {

/* Begin PBXBuildFile section */
		5200DB3726AC76450026D69F /* RoborockApi in Frameworks */ = {isa = PBXBuildFile; productRef = 5200DB3626AC76450026D69F /* RoborockApi */; };
		5200DB3926AC764E0026D69F /* RoborockApi in Frameworks */ = {isa = PBXBuildFile; productRef = 5200DB3826AC764E0026D69F /* RoborockApi */; };
		5200DB3B26AC76540026D69F /* RoborockApi in Frameworks */ = {isa = PBXBuildFile; productRef = 5200DB3A26AC76540026D69F /* RoborockApi */; };
		52046F2326494C0000E1C041 /* StatusItemView.swift in Sources */ = {isa = PBXBuildFile; fileRef = 52046F2226494C0000E1C041 /* StatusItemView.swift */; };
		52046F2626494DA100E1C041 /* PrimaryRoundedButtonStyle.swift in Sources */ = {isa = PBXBuildFile; fileRef = 52046F2526494DA100E1C041 /* PrimaryRoundedButtonStyle.swift */; };
		52046F2926494DC400E1C041 /* BlurView.swift in Sources */ = {isa = PBXBuildFile; fileRef = 52046F2826494DC400E1C041 /* BlurView.swift */; };
		5214A18B29BCDAC400C3FD57 /* ComposableArchitecture in Frameworks */ = {isa = PBXBuildFile; productRef = 657FAE3328DB784000FFCACC /* ComposableArchitecture */; };
		5214A18C29BCDAC400C3FD57 /* RoborockApi in Frameworks */ = {isa = PBXBuildFile; productRef = 657FAE3428DB784000FFCACC /* RoborockApi */; };
		5214A18E29BCDBD400C3FD57 /* RestClient+Dependency.swift in Sources */ = {isa = PBXBuildFile; fileRef = 5214A18D29BCDBD400C3FD57 /* RestClient+Dependency.swift */; };
		5214A18F29BCDBD400C3FD57 /* RestClient+Dependency.swift in Sources */ = {isa = PBXBuildFile; fileRef = 5214A18D29BCDBD400C3FD57 /* RestClient+Dependency.swift */; };
		5214A19329BCDE3C00C3FD57 /* RRFileParser+Dependency.swift in Sources */ = {isa = PBXBuildFile; fileRef = 5214A19229BCDE3C00C3FD57 /* RRFileParser+Dependency.swift */; };
		5214A19429BCE0CF00C3FD57 /* ApiWebSocketClient+Dependency.swift in Sources */ = {isa = PBXBuildFile; fileRef = 5214A19029BCDBD600C3FD57 /* ApiWebSocketClient+Dependency.swift */; };
		5214A19529BCE0D000C3FD57 /* ApiWebSocketClient+Dependency.swift in Sources */ = {isa = PBXBuildFile; fileRef = 5214A19029BCDBD600C3FD57 /* ApiWebSocketClient+Dependency.swift */; };
		5214A19829BCE8A800C3FD57 /* Api+State.swift in Sources */ = {isa = PBXBuildFile; fileRef = 5214A19729BCE8A800C3FD57 /* Api+State.swift */; };
		5214A19929BCE8A800C3FD57 /* Api+State.swift in Sources */ = {isa = PBXBuildFile; fileRef = 5214A19729BCE8A800C3FD57 /* Api+State.swift */; };
		5214A19C29BCE91D00C3FD57 /* Api+Action.swift in Sources */ = {isa = PBXBuildFile; fileRef = 5214A19A29BCE8CC00C3FD57 /* Api+Action.swift */; };
		5214A19D29BCE91D00C3FD57 /* Api+Action.swift in Sources */ = {isa = PBXBuildFile; fileRef = 5214A19A29BCE8CC00C3FD57 /* Api+Action.swift */; };
		5214A19F29BCE93D00C3FD57 /* Api+Reducer.swift in Sources */ = {isa = PBXBuildFile; fileRef = 5214A19E29BCE93D00C3FD57 /* Api+Reducer.swift */; };
		5214A1A029BCE93D00C3FD57 /* Api+Reducer.swift in Sources */ = {isa = PBXBuildFile; fileRef = 5214A19E29BCE93D00C3FD57 /* Api+Reducer.swift */; };
		5214A1A129BCEA2B00C3FD57 /* WatchKitSessionClient+Dependency.swift in Sources */ = {isa = PBXBuildFile; fileRef = 5214A19129BCDCEA00C3FD57 /* WatchKitSessionClient+Dependency.swift */; };
		5214A1A229BCEA2B00C3FD57 /* WatchKitSessionClient+Dependency.swift in Sources */ = {isa = PBXBuildFile; fileRef = 5214A19129BCDCEA00C3FD57 /* WatchKitSessionClient+Dependency.swift */; };
		521C7406269DD3CD0098D71A /* Assets.xcassets in Resources */ = {isa = PBXBuildFile; fileRef = 521C7405269DD3CD0098D71A /* Assets.xcassets */; };
		521C7412269DD3CE0098D71A /* RoborockApp.swift in Sources */ = {isa = PBXBuildFile; fileRef = 521C7411269DD3CE0098D71A /* RoborockApp.swift */; };
		521C7414269DD3CE0098D71A /* HomeView.swift in Sources */ = {isa = PBXBuildFile; fileRef = 521C7413269DD3CE0098D71A /* HomeView.swift */; };
		521C7416269DD3CE0098D71A /* NotificationController.swift in Sources */ = {isa = PBXBuildFile; fileRef = 521C7415269DD3CE0098D71A /* NotificationController.swift */; };
		521C7418269DD3CE0098D71A /* NotificationView.swift in Sources */ = {isa = PBXBuildFile; fileRef = 521C7417269DD3CE0098D71A /* NotificationView.swift */; };
		521C741A269DD3CE0098D71A /* ComplicationController.swift in Sources */ = {isa = PBXBuildFile; fileRef = 521C7419269DD3CE0098D71A /* ComplicationController.swift */; };
		521C741F269DD3CF0098D71A /* Preview Assets.xcassets in Resources */ = {isa = PBXBuildFile; fileRef = 521C741E269DD3CF0098D71A /* Preview Assets.xcassets */; };
		521C7424269DD3CF0098D71A /* WatchApp.app in Embed Watch Content */ = {isa = PBXBuildFile; fileRef = 521C7403269DD3CC0098D71A /* WatchApp.app */; settings = {ATTRIBUTES = (RemoveHeadersOnCopy, ); }; };
		521C7432269DFA6A0098D71A /* ComposableArchitecture in Frameworks */ = {isa = PBXBuildFile; productRef = 521C7431269DFA6A0098D71A /* ComposableArchitecture */; };
		52232AE126A81C2A0024D072 /* WatchkitSessionDelegate.swift in Sources */ = {isa = PBXBuildFile; fileRef = 52232AE026A81C2A0024D072 /* WatchkitSessionDelegate.swift */; };
		52232AE626A81ECD0024D072 /* WatchkitSessionDelegate.swift in Sources */ = {isa = PBXBuildFile; fileRef = 52232AE026A81C2A0024D072 /* WatchkitSessionDelegate.swift */; };
		52232AE826A87F310024D072 /* WatchKitSessionClient.swift in Sources */ = {isa = PBXBuildFile; fileRef = 52232AE726A87F310024D072 /* WatchKitSessionClient.swift */; };
		52232AE926A881050024D072 /* WatchKitSessionClient.swift in Sources */ = {isa = PBXBuildFile; fileRef = 52232AE726A87F310024D072 /* WatchKitSessionClient.swift */; };
		5238572626A056B800B2FBEA /* StatusTileView.swift in Sources */ = {isa = PBXBuildFile; fileRef = 5238572526A056B800B2FBEA /* StatusTileView.swift */; };
		5249E97E2695D6930095828E /* HeaderView.swift in Sources */ = {isa = PBXBuildFile; fileRef = 5249E97D2695D6930095828E /* HeaderView.swift */; };
		5249E9802695D6ED0095828E /* NotConnectedView.swift in Sources */ = {isa = PBXBuildFile; fileRef = 5249E97F2695D6ED0095828E /* NotConnectedView.swift */; };
		5249E9822695D7C00095828E /* RoomSelectionView.swift in Sources */ = {isa = PBXBuildFile; fileRef = 5249E9812695D7C00095828E /* RoomSelectionView.swift */; };
		5249E9A526970BD00095828E /* Intents.framework in Frameworks */ = {isa = PBXBuildFile; fileRef = 5249E9A426970BD00095828E /* Intents.framework */; };
		5249E9A826970BD00095828E /* IntentHandler.swift in Sources */ = {isa = PBXBuildFile; fileRef = 5249E9A726970BD00095828E /* IntentHandler.swift */; };
		5249E9BC26970BD10095828E /* CleaningIntent.appex in Embed Foundation Extensions */ = {isa = PBXBuildFile; fileRef = 5249E9A326970BD00095828E /* CleaningIntent.appex */; settings = {ATTRIBUTES = (RemoveHeadersOnCopy, ); }; };
		525079D2268F82E6000F7095 /* UIColor+Hex.swift in Sources */ = {isa = PBXBuildFile; fileRef = 525079D1268F82E6000F7095 /* UIColor+Hex.swift */; };
		525079D4268F82ED000F7095 /* UIImage+Rotate.swift in Sources */ = {isa = PBXBuildFile; fileRef = 525079D3268F82ED000F7095 /* UIImage+Rotate.swift */; };
		5260D9DC26AB19C100901A10 /* WatchConnection.swift in Sources */ = {isa = PBXBuildFile; fileRef = 5260D9DB26AB19C100901A10 /* WatchConnection.swift */; };
		5260D9DD26AB19C100901A10 /* WatchConnection.swift in Sources */ = {isa = PBXBuildFile; fileRef = 5260D9DB26AB19C100901A10 /* WatchConnection.swift */; };
		5260D9E326AB27AB00901A10 /* WCSessionAction.swift in Sources */ = {isa = PBXBuildFile; fileRef = 5260D9E226AB27AB00901A10 /* WCSessionAction.swift */; };
		5260D9E426AB27AB00901A10 /* WCSessionAction.swift in Sources */ = {isa = PBXBuildFile; fileRef = 5260D9E226AB27AB00901A10 /* WCSessionAction.swift */; };
		5260D9E926AB27C900901A10 /* WCSessionRequestData.swift in Sources */ = {isa = PBXBuildFile; fileRef = 5260D9E826AB27C900901A10 /* WCSessionRequestData.swift */; };
		5260D9EF26AB282900901A10 /* WCSessionWatchResponseData.swift in Sources */ = {isa = PBXBuildFile; fileRef = 5260D9EC26AB27F500901A10 /* WCSessionWatchResponseData.swift */; };
		5260D9F026AB282900901A10 /* WCSessionRequestData.swift in Sources */ = {isa = PBXBuildFile; fileRef = 5260D9E826AB27C900901A10 /* WCSessionRequestData.swift */; };
		5260D9F226AB282900901A10 /* WCSessionAppResponseData.swift in Sources */ = {isa = PBXBuildFile; fileRef = 5260D9EB26AB27E700901A10 /* WCSessionAppResponseData.swift */; };
		5260D9F326AB282A00901A10 /* WCSessionWatchResponseData.swift in Sources */ = {isa = PBXBuildFile; fileRef = 5260D9EC26AB27F500901A10 /* WCSessionWatchResponseData.swift */; };
		5260D9F426AB282A00901A10 /* WCSessionAppResponseData.swift in Sources */ = {isa = PBXBuildFile; fileRef = 5260D9EB26AB27E700901A10 /* WCSessionAppResponseData.swift */; };
		5275B16E2649A05B008B4DC7 /* MapView.swift in Sources */ = {isa = PBXBuildFile; fileRef = 5275B16D2649A05B008B4DC7 /* MapView.swift */; };
		528A3A022A716F530005A4DF /* UserDefaultsHelper.swift in Sources */ = {isa = PBXBuildFile; fileRef = 528A3A012A716F530005A4DF /* UserDefaultsHelper.swift */; };
		528A3A032A716F530005A4DF /* UserDefaultsHelper.swift in Sources */ = {isa = PBXBuildFile; fileRef = 528A3A012A716F530005A4DF /* UserDefaultsHelper.swift */; };
		5297E3A32698949300680D9A /* Intents.intentdefinition in Sources */ = {isa = PBXBuildFile; fileRef = 5297E3A52698949300680D9A /* Intents.intentdefinition */; };
		5297E3A82698956E00680D9A /* Intents.intentdefinition in Sources */ = {isa = PBXBuildFile; fileRef = 5297E3A52698949300680D9A /* Intents.intentdefinition */; };
		52989C81268A3FCF00DF3237 /* UIColor+PixelData.swift in Sources */ = {isa = PBXBuildFile; fileRef = 52989C80268A3FCF00DF3237 /* UIColor+PixelData.swift */; };
		52AD4DAA2695D2C700D5C839 /* Localizable.strings in Resources */ = {isa = PBXBuildFile; fileRef = 52AD4DAC2695D2C700D5C839 /* Localizable.strings */; };
		52C658E426A5B390009C8D07 /* PrimaryButtonStyle.swift in Sources */ = {isa = PBXBuildFile; fileRef = 52C658E326A5B390009C8D07 /* PrimaryButtonStyle.swift */; };
		52C658EA26A5C79B009C8D07 /* FanspeedSelection.swift in Sources */ = {isa = PBXBuildFile; fileRef = 52C658E926A5C79B009C8D07 /* FanspeedSelection.swift */; };
		52C658EE26A5D38F009C8D07 /* BatteryTileView.swift in Sources */ = {isa = PBXBuildFile; fileRef = 52C658ED26A5D38F009C8D07 /* BatteryTileView.swift */; };
		52C7F1B32A08E3FD00D4E495 /* PrimaryButtonStyle.swift in Sources */ = {isa = PBXBuildFile; fileRef = 52C7F1B22A08E3FD00D4E495 /* PrimaryButtonStyle.swift */; };
		52C7F1B52A08E48000D4E495 /* SecondaryButtonStyle.swift in Sources */ = {isa = PBXBuildFile; fileRef = 52C7F1B42A08E48000D4E495 /* SecondaryButtonStyle.swift */; };
		52D1BA8C269C57BD00219230 /* CleanRoomIntentHandler.swift in Sources */ = {isa = PBXBuildFile; fileRef = 5249E9C526970CD50095828E /* CleanRoomIntentHandler.swift */; };
		52D1BAA5269C598B00219230 /* ApiWebSocketClient.swift in Sources */ = {isa = PBXBuildFile; fileRef = 652FA91F264D2EE1007C67F6 /* ApiWebSocketClient.swift */; };
		52D1BAAE269C6AB900219230 /* ComposableArchitecture in Frameworks */ = {isa = PBXBuildFile; productRef = 52D1BAAD269C6AB900219230 /* ComposableArchitecture */; };
		52D1BAB0269C6AB900219230 /* Gzip in Frameworks */ = {isa = PBXBuildFile; productRef = 52D1BAAF269C6AB900219230 /* Gzip */; };
		52D1BABB269C6C4A00219230 /* IntentsUI.framework in Frameworks */ = {isa = PBXBuildFile; fileRef = 5249E98F2696E7A70095828E /* IntentsUI.framework */; };
		52DBCBA626946C0300D25CC6 /* UIColor+Custom.swift in Sources */ = {isa = PBXBuildFile; fileRef = 52DBCBA526946C0300D25CC6 /* UIColor+Custom.swift */; };
		52DBCBA82694B1AB00D25CC6 /* String+Size.swift in Sources */ = {isa = PBXBuildFile; fileRef = 52DBCBA72694B1AB00D25CC6 /* String+Size.swift */; };
		52DBCBAD2694BBE200D25CC6 /* Settings.swift in Sources */ = {isa = PBXBuildFile; fileRef = 52DBCBAC2694BBE200D25CC6 /* Settings.swift */; };
		52DBCBAF2694BC6A00D25CC6 /* SettingsView.swift in Sources */ = {isa = PBXBuildFile; fileRef = 52DBCBAE2694BC6A00D25CC6 /* SettingsView.swift */; };
		52DBCBB32694C20900D25CC6 /* SectionHeader.swift in Sources */ = {isa = PBXBuildFile; fileRef = 52DBCBB22694C20900D25CC6 /* SectionHeader.swift */; };
		52E0F62D26AADCF200C34206 /* WCSessionData.swift in Sources */ = {isa = PBXBuildFile; fileRef = 52E0F62C26AADCF200C34206 /* WCSessionData.swift */; };
		52E0F62E26AADCF200C34206 /* WCSessionData.swift in Sources */ = {isa = PBXBuildFile; fileRef = 52E0F62C26AADCF200C34206 /* WCSessionData.swift */; };
		52E890AB26A6E128004E9D7A /* CircularButtonStyle.swift in Sources */ = {isa = PBXBuildFile; fileRef = 52E890AA26A6E128004E9D7A /* CircularButtonStyle.swift */; };
		52E890AD26A6E320004E9D7A /* FanspeedList.swift in Sources */ = {isa = PBXBuildFile; fileRef = 52E890AC26A6E320004E9D7A /* FanspeedList.swift */; };
		52E890AE26A723BA004E9D7A /* Assets.xcassets in Resources */ = {isa = PBXBuildFile; fileRef = 521C741B269DD3CF0098D71A /* Assets.xcassets */; };
		52EE04CF269CAE8D00C677AA /* SecondaryRoundedButtonStyle.swift in Sources */ = {isa = PBXBuildFile; fileRef = 52EE04CE269CAE8D00C677AA /* SecondaryRoundedButtonStyle.swift */; };
		52F12B9A2689BF4300C5494E /* RRFileParser.swift in Sources */ = {isa = PBXBuildFile; fileRef = 52F12B992689BF4300C5494E /* RRFileParser.swift */; };
		52F12B9F268A2D5400C5494E /* Data+ByteBuffer.swift in Sources */ = {isa = PBXBuildFile; fileRef = 52F12B9E268A2D5400C5494E /* Data+ByteBuffer.swift */; };
		6510D92A26A5E62C00FECC97 /* StateTileView.swift in Sources */ = {isa = PBXBuildFile; fileRef = 6510D92926A5E62C00FECC97 /* StateTileView.swift */; };
		6510D92B26A5EFE800FECC97 /* Localizable.strings in Resources */ = {isa = PBXBuildFile; fileRef = 52AD4DAC2695D2C700D5C839 /* Localizable.strings */; };
		6510E8DF2688AD02001E9230 /* ButtonView.swift in Sources */ = {isa = PBXBuildFile; fileRef = 5275B169264999D1008B4DC7 /* ButtonView.swift */; };
		6510E8E02688AF15001E9230 /* StatusView.swift in Sources */ = {isa = PBXBuildFile; fileRef = 5275B16526499263008B4DC7 /* StatusView.swift */; };
		6542893C2646B78B009B8BE5 /* RoborockApp.swift in Sources */ = {isa = PBXBuildFile; fileRef = 6542893B2646B78B009B8BE5 /* RoborockApp.swift */; };
		654289402646B78C009B8BE5 /* Assets.xcassets in Resources */ = {isa = PBXBuildFile; fileRef = 6542893F2646B78C009B8BE5 /* Assets.xcassets */; };
		654289432646B78C009B8BE5 /* Preview Assets.xcassets in Resources */ = {isa = PBXBuildFile; fileRef = 654289422646B78C009B8BE5 /* Preview Assets.xcassets */; };
		6542895B2646C442009B8BE5 /* Main.swift in Sources */ = {isa = PBXBuildFile; fileRef = 6542895A2646C442009B8BE5 /* Main.swift */; };
		6542895F2646C623009B8BE5 /* Api.swift in Sources */ = {isa = PBXBuildFile; fileRef = 6542895E2646C623009B8BE5 /* Api.swift */; };
		654289682646E884009B8BE5 /* MainView.swift in Sources */ = {isa = PBXBuildFile; fileRef = 654289672646E884009B8BE5 /* MainView.swift */; };
		6542896C264725F1009B8BE5 /* SegmentList.swift in Sources */ = {isa = PBXBuildFile; fileRef = 6542896B264725F1009B8BE5 /* SegmentList.swift */; };
		65B0EEDA26A362F900924CB9 /* Api.swift in Sources */ = {isa = PBXBuildFile; fileRef = 6542895E2646C623009B8BE5 /* Api.swift */; };
		65B0EEE326A364AA00924CB9 /* ApiWebSocketClient.swift in Sources */ = {isa = PBXBuildFile; fileRef = 652FA91F264D2EE1007C67F6 /* ApiWebSocketClient.swift */; };
		65B0EEF226A3703E00924CB9 /* Main.swift in Sources */ = {isa = PBXBuildFile; fileRef = 65B0EEE126A3644500924CB9 /* Main.swift */; };
		65B0EEF626A3749900924CB9 /* CircularProgressViewStyle.swift in Sources */ = {isa = PBXBuildFile; fileRef = 65B0EEF526A3749900924CB9 /* CircularProgressViewStyle.swift */; };
		65B0EEF926A37F3A00924CB9 /* ButtonView.swift in Sources */ = {isa = PBXBuildFile; fileRef = 65B0EEF826A37F3A00924CB9 /* ButtonView.swift */; };
		65B0EEFC26A3816D00924CB9 /* MainView.swift in Sources */ = {isa = PBXBuildFile; fileRef = 65B0EEFB26A3816D00924CB9 /* MainView.swift */; };
		65B0EEFE26A3825E00924CB9 /* SegmentList.swift in Sources */ = {isa = PBXBuildFile; fileRef = 65B0EEFD26A3825E00924CB9 /* SegmentList.swift */; };
		65F6620F26FF37FB008472C4 /* NetworkExtension.framework in Frameworks */ = {isa = PBXBuildFile; fileRef = 65F6620E26FF37FB008472C4 /* NetworkExtension.framework */; };
/* End PBXBuildFile section */

/* Begin PBXContainerItemProxy section */
		521C7422269DD3CF0098D71A /* PBXContainerItemProxy */ = {
			isa = PBXContainerItemProxy;
			containerPortal = 654289302646B78B009B8BE5 /* Project object */;
			proxyType = 1;
			remoteGlobalIDString = 521C7402269DD3CC0098D71A;
			remoteInfo = WatchApp;
		};
		5249E9BA26970BD10095828E /* PBXContainerItemProxy */ = {
			isa = PBXContainerItemProxy;
			containerPortal = 654289302646B78B009B8BE5 /* Project object */;
			proxyType = 1;
			remoteGlobalIDString = 5249E9A226970BD00095828E;
			remoteInfo = StartCleaning;
		};
/* End PBXContainerItemProxy section */

/* Begin PBXCopyFilesBuildPhase section */
		5237FC77269DA2FD00266CD9 /* Embed Watch Content */ = {
			isa = PBXCopyFilesBuildPhase;
			buildActionMask = 2147483647;
			dstPath = "$(CONTENTS_FOLDER_PATH)/Watch";
			dstSubfolderSpec = 16;
			files = (
				521C7424269DD3CF0098D71A /* WatchApp.app in Embed Watch Content */,
			);
			name = "Embed Watch Content";
			runOnlyForDeploymentPostprocessing = 0;
		};
		5249E99E2696E7A70095828E /* Embed Foundation Extensions */ = {
			isa = PBXCopyFilesBuildPhase;
			buildActionMask = 2147483647;
			dstPath = "";
			dstSubfolderSpec = 13;
			files = (
				5249E9BC26970BD10095828E /* CleaningIntent.appex in Embed Foundation Extensions */,
			);
			name = "Embed Foundation Extensions";
			runOnlyForDeploymentPostprocessing = 0;
		};
		52D1BAB5269C6BA100219230 /* Embed Frameworks */ = {
			isa = PBXCopyFilesBuildPhase;
			buildActionMask = 2147483647;
			dstPath = "";
			dstSubfolderSpec = 10;
			files = (
			);
			name = "Embed Frameworks";
			runOnlyForDeploymentPostprocessing = 0;
		};
		52D1BABA269C6BA800219230 /* Embed Frameworks */ = {
			isa = PBXCopyFilesBuildPhase;
			buildActionMask = 2147483647;
			dstPath = "";
			dstSubfolderSpec = 10;
			files = (
			);
			name = "Embed Frameworks";
			runOnlyForDeploymentPostprocessing = 0;
		};
/* End PBXCopyFilesBuildPhase section */

/* Begin PBXFileReference section */
		52046F2226494C0000E1C041 /* StatusItemView.swift */ = {isa = PBXFileReference; lastKnownFileType = sourcecode.swift; path = StatusItemView.swift; sourceTree = "<group>"; };
		52046F2526494DA100E1C041 /* PrimaryRoundedButtonStyle.swift */ = {isa = PBXFileReference; lastKnownFileType = sourcecode.swift; path = PrimaryRoundedButtonStyle.swift; sourceTree = "<group>"; };
		52046F2826494DC400E1C041 /* BlurView.swift */ = {isa = PBXFileReference; lastKnownFileType = sourcecode.swift; path = BlurView.swift; sourceTree = "<group>"; };
		5214A18D29BCDBD400C3FD57 /* RestClient+Dependency.swift */ = {isa = PBXFileReference; lastKnownFileType = sourcecode.swift; path = "RestClient+Dependency.swift"; sourceTree = "<group>"; };
		5214A19029BCDBD600C3FD57 /* ApiWebSocketClient+Dependency.swift */ = {isa = PBXFileReference; lastKnownFileType = sourcecode.swift; path = "ApiWebSocketClient+Dependency.swift"; sourceTree = "<group>"; };
		5214A19129BCDCEA00C3FD57 /* WatchKitSessionClient+Dependency.swift */ = {isa = PBXFileReference; lastKnownFileType = sourcecode.swift; path = "WatchKitSessionClient+Dependency.swift"; sourceTree = "<group>"; };
		5214A19229BCDE3C00C3FD57 /* RRFileParser+Dependency.swift */ = {isa = PBXFileReference; lastKnownFileType = sourcecode.swift; path = "RRFileParser+Dependency.swift"; sourceTree = "<group>"; };
		5214A19729BCE8A800C3FD57 /* Api+State.swift */ = {isa = PBXFileReference; lastKnownFileType = sourcecode.swift; path = "Api+State.swift"; sourceTree = "<group>"; };
		5214A19A29BCE8CC00C3FD57 /* Api+Action.swift */ = {isa = PBXFileReference; lastKnownFileType = sourcecode.swift; path = "Api+Action.swift"; sourceTree = "<group>"; };
		5214A19E29BCE93D00C3FD57 /* Api+Reducer.swift */ = {isa = PBXFileReference; lastKnownFileType = sourcecode.swift; path = "Api+Reducer.swift"; sourceTree = "<group>"; };
		521581DA29BDEB2800D8E594 /* Roborock-Api */ = {isa = PBXFileReference; lastKnownFileType = wrapper; name = "Roborock-Api"; path = "../Roborock-Api"; sourceTree = "<group>"; };
		521C7403269DD3CC0098D71A /* WatchApp.app */ = {isa = PBXFileReference; explicitFileType = wrapper.application; includeInIndex = 0; path = WatchApp.app; sourceTree = BUILT_PRODUCTS_DIR; };
		521C7405269DD3CD0098D71A /* Assets.xcassets */ = {isa = PBXFileReference; lastKnownFileType = folder.assetcatalog; path = Assets.xcassets; sourceTree = "<group>"; };
		521C7407269DD3CD0098D71A /* Info.plist */ = {isa = PBXFileReference; lastKnownFileType = text.plist.xml; path = Info.plist; sourceTree = "<group>"; };
		521C7411269DD3CE0098D71A /* RoborockApp.swift */ = {isa = PBXFileReference; lastKnownFileType = sourcecode.swift; path = RoborockApp.swift; sourceTree = "<group>"; };
		521C7413269DD3CE0098D71A /* HomeView.swift */ = {isa = PBXFileReference; lastKnownFileType = sourcecode.swift; path = HomeView.swift; sourceTree = "<group>"; };
		521C7415269DD3CE0098D71A /* NotificationController.swift */ = {isa = PBXFileReference; lastKnownFileType = sourcecode.swift; path = NotificationController.swift; sourceTree = "<group>"; };
		521C7417269DD3CE0098D71A /* NotificationView.swift */ = {isa = PBXFileReference; lastKnownFileType = sourcecode.swift; path = NotificationView.swift; sourceTree = "<group>"; };
		521C7419269DD3CE0098D71A /* ComplicationController.swift */ = {isa = PBXFileReference; lastKnownFileType = sourcecode.swift; path = ComplicationController.swift; sourceTree = "<group>"; };
		521C741B269DD3CF0098D71A /* Assets.xcassets */ = {isa = PBXFileReference; lastKnownFileType = folder.assetcatalog; path = Assets.xcassets; sourceTree = "<group>"; };
		521C741E269DD3CF0098D71A /* Preview Assets.xcassets */ = {isa = PBXFileReference; lastKnownFileType = folder.assetcatalog; path = "Preview Assets.xcassets"; sourceTree = "<group>"; };
		521C7420269DD3CF0098D71A /* Info.plist */ = {isa = PBXFileReference; lastKnownFileType = text.plist.xml; path = Info.plist; sourceTree = "<group>"; };
		521C7421269DD3CF0098D71A /* PushNotificationPayload.apns */ = {isa = PBXFileReference; lastKnownFileType = text; path = PushNotificationPayload.apns; sourceTree = "<group>"; };
		52232ADC26A74C250024D072 /* bitrise.yml */ = {isa = PBXFileReference; lastKnownFileType = text.yaml; path = bitrise.yml; sourceTree = "<group>"; };
		52232ADD26A751310024D072 /* WatchApp.entitlements */ = {isa = PBXFileReference; lastKnownFileType = text.plist.entitlements; path = WatchApp.entitlements; sourceTree = "<group>"; };
		52232ADE26A752480024D072 /* StartCleaning.entitlements */ = {isa = PBXFileReference; lastKnownFileType = text.plist.entitlements; path = StartCleaning.entitlements; sourceTree = "<group>"; };
		52232ADF26A753380024D072 /* WatchApp Extension.entitlements */ = {isa = PBXFileReference; lastKnownFileType = text.plist.entitlements; path = "WatchApp Extension.entitlements"; sourceTree = "<group>"; };
		52232AE026A81C2A0024D072 /* WatchkitSessionDelegate.swift */ = {isa = PBXFileReference; lastKnownFileType = sourcecode.swift; path = WatchkitSessionDelegate.swift; sourceTree = "<group>"; };
		52232AE726A87F310024D072 /* WatchKitSessionClient.swift */ = {isa = PBXFileReference; lastKnownFileType = sourcecode.swift; path = WatchKitSessionClient.swift; sourceTree = "<group>"; };
		5238572526A056B800B2FBEA /* StatusTileView.swift */ = {isa = PBXFileReference; lastKnownFileType = sourcecode.swift; path = StatusTileView.swift; sourceTree = "<group>"; };
		5249E97D2695D6930095828E /* HeaderView.swift */ = {isa = PBXFileReference; lastKnownFileType = sourcecode.swift; path = HeaderView.swift; sourceTree = "<group>"; };
		5249E97F2695D6ED0095828E /* NotConnectedView.swift */ = {isa = PBXFileReference; lastKnownFileType = sourcecode.swift; path = NotConnectedView.swift; sourceTree = "<group>"; };
		5249E9812695D7C00095828E /* RoomSelectionView.swift */ = {isa = PBXFileReference; lastKnownFileType = sourcecode.swift; path = RoomSelectionView.swift; sourceTree = "<group>"; };
		5249E984269609FA0095828E /* Roborock.entitlements */ = {isa = PBXFileReference; lastKnownFileType = text.plist.entitlements; path = Roborock.entitlements; sourceTree = "<group>"; };
		5249E98F2696E7A70095828E /* IntentsUI.framework */ = {isa = PBXFileReference; lastKnownFileType = wrapper.framework; name = IntentsUI.framework; path = System/Library/Frameworks/IntentsUI.framework; sourceTree = SDKROOT; };
		5249E9A326970BD00095828E /* CleaningIntent.appex */ = {isa = PBXFileReference; explicitFileType = "wrapper.app-extension"; includeInIndex = 0; path = CleaningIntent.appex; sourceTree = BUILT_PRODUCTS_DIR; };
		5249E9A426970BD00095828E /* Intents.framework */ = {isa = PBXFileReference; lastKnownFileType = wrapper.framework; name = Intents.framework; path = System/Library/Frameworks/Intents.framework; sourceTree = SDKROOT; };
		5249E9A726970BD00095828E /* IntentHandler.swift */ = {isa = PBXFileReference; lastKnownFileType = sourcecode.swift; path = IntentHandler.swift; sourceTree = "<group>"; };
		5249E9A926970BD00095828E /* Info.plist */ = {isa = PBXFileReference; lastKnownFileType = text.plist.xml; path = Info.plist; sourceTree = "<group>"; };
		5249E9C526970CD50095828E /* CleanRoomIntentHandler.swift */ = {isa = PBXFileReference; lastKnownFileType = sourcecode.swift; path = CleanRoomIntentHandler.swift; sourceTree = "<group>"; };
		525079D1268F82E6000F7095 /* UIColor+Hex.swift */ = {isa = PBXFileReference; lastKnownFileType = sourcecode.swift; path = "UIColor+Hex.swift"; sourceTree = "<group>"; };
		525079D3268F82ED000F7095 /* UIImage+Rotate.swift */ = {isa = PBXFileReference; lastKnownFileType = sourcecode.swift; path = "UIImage+Rotate.swift"; sourceTree = "<group>"; };
		5260D9DB26AB19C100901A10 /* WatchConnection.swift */ = {isa = PBXFileReference; lastKnownFileType = sourcecode.swift; path = WatchConnection.swift; sourceTree = "<group>"; };
		5260D9E226AB27AB00901A10 /* WCSessionAction.swift */ = {isa = PBXFileReference; lastKnownFileType = sourcecode.swift; path = WCSessionAction.swift; sourceTree = "<group>"; };
		5260D9E826AB27C900901A10 /* WCSessionRequestData.swift */ = {isa = PBXFileReference; lastKnownFileType = sourcecode.swift; path = WCSessionRequestData.swift; sourceTree = "<group>"; };
		5260D9EB26AB27E700901A10 /* WCSessionAppResponseData.swift */ = {isa = PBXFileReference; lastKnownFileType = sourcecode.swift; path = WCSessionAppResponseData.swift; sourceTree = "<group>"; };
		5260D9EC26AB27F500901A10 /* WCSessionWatchResponseData.swift */ = {isa = PBXFileReference; lastKnownFileType = sourcecode.swift; path = WCSessionWatchResponseData.swift; sourceTree = "<group>"; };
		5275B16526499263008B4DC7 /* StatusView.swift */ = {isa = PBXFileReference; lastKnownFileType = sourcecode.swift; path = StatusView.swift; sourceTree = "<group>"; };
		5275B169264999D1008B4DC7 /* ButtonView.swift */ = {isa = PBXFileReference; lastKnownFileType = sourcecode.swift; path = ButtonView.swift; sourceTree = "<group>"; };
		5275B16D2649A05B008B4DC7 /* MapView.swift */ = {isa = PBXFileReference; lastKnownFileType = sourcecode.swift; path = MapView.swift; sourceTree = "<group>"; };
		528A3A012A716F530005A4DF /* UserDefaultsHelper.swift */ = {isa = PBXFileReference; lastKnownFileType = sourcecode.swift; path = UserDefaultsHelper.swift; sourceTree = "<group>"; };
		5297E3A42698949300680D9A /* Base */ = {isa = PBXFileReference; lastKnownFileType = file.intentdefinition; name = Base; path = Base.lproj/Intents.intentdefinition; sourceTree = "<group>"; };
		52989C80268A3FCF00DF3237 /* UIColor+PixelData.swift */ = {isa = PBXFileReference; lastKnownFileType = sourcecode.swift; path = "UIColor+PixelData.swift"; sourceTree = "<group>"; };
		52AD4DAB2695D2C700D5C839 /* en */ = {isa = PBXFileReference; lastKnownFileType = text.plist.strings; name = en; path = en.lproj/Localizable.strings; sourceTree = "<group>"; };
		52AD4DAD2695D2D200D5C839 /* de */ = {isa = PBXFileReference; lastKnownFileType = text.plist.strings; name = de; path = de.lproj/Localizable.strings; sourceTree = "<group>"; };
		52C658E326A5B390009C8D07 /* PrimaryButtonStyle.swift */ = {isa = PBXFileReference; lastKnownFileType = sourcecode.swift; path = PrimaryButtonStyle.swift; sourceTree = "<group>"; };
		52C658E926A5C79B009C8D07 /* FanspeedSelection.swift */ = {isa = PBXFileReference; lastKnownFileType = sourcecode.swift; path = FanspeedSelection.swift; sourceTree = "<group>"; };
		52C658ED26A5D38F009C8D07 /* BatteryTileView.swift */ = {isa = PBXFileReference; lastKnownFileType = sourcecode.swift; path = BatteryTileView.swift; sourceTree = "<group>"; };
		52C7F1B22A08E3FD00D4E495 /* PrimaryButtonStyle.swift */ = {isa = PBXFileReference; lastKnownFileType = sourcecode.swift; path = PrimaryButtonStyle.swift; sourceTree = "<group>"; };
		52C7F1B42A08E48000D4E495 /* SecondaryButtonStyle.swift */ = {isa = PBXFileReference; lastKnownFileType = sourcecode.swift; path = SecondaryButtonStyle.swift; sourceTree = "<group>"; };
		52DBCBA526946C0300D25CC6 /* UIColor+Custom.swift */ = {isa = PBXFileReference; lastKnownFileType = sourcecode.swift; path = "UIColor+Custom.swift"; sourceTree = "<group>"; };
		52DBCBA72694B1AB00D25CC6 /* String+Size.swift */ = {isa = PBXFileReference; lastKnownFileType = sourcecode.swift; path = "String+Size.swift"; sourceTree = "<group>"; };
		52DBCBAC2694BBE200D25CC6 /* Settings.swift */ = {isa = PBXFileReference; lastKnownFileType = sourcecode.swift; path = Settings.swift; sourceTree = "<group>"; };
		52DBCBAE2694BC6A00D25CC6 /* SettingsView.swift */ = {isa = PBXFileReference; lastKnownFileType = sourcecode.swift; path = SettingsView.swift; sourceTree = "<group>"; };
		52DBCBB22694C20900D25CC6 /* SectionHeader.swift */ = {isa = PBXFileReference; lastKnownFileType = sourcecode.swift; path = SectionHeader.swift; sourceTree = "<group>"; };
		52E0F62C26AADCF200C34206 /* WCSessionData.swift */ = {isa = PBXFileReference; lastKnownFileType = sourcecode.swift; path = WCSessionData.swift; sourceTree = "<group>"; };
		52E890AA26A6E128004E9D7A /* CircularButtonStyle.swift */ = {isa = PBXFileReference; lastKnownFileType = sourcecode.swift; path = CircularButtonStyle.swift; sourceTree = "<group>"; };
		52E890AC26A6E320004E9D7A /* FanspeedList.swift */ = {isa = PBXFileReference; lastKnownFileType = sourcecode.swift; path = FanspeedList.swift; sourceTree = "<group>"; };
		52EE04C5269CA00900C677AA /* de */ = {isa = PBXFileReference; lastKnownFileType = text.plist.strings; name = de; path = de.lproj/Intents.strings; sourceTree = "<group>"; };
		52EE04C7269CA2AB00C677AA /* .swiftlint.yml */ = {isa = PBXFileReference; lastKnownFileType = text.yaml; path = .swiftlint.yml; sourceTree = SOURCE_ROOT; };
		52EE04CE269CAE8D00C677AA /* SecondaryRoundedButtonStyle.swift */ = {isa = PBXFileReference; lastKnownFileType = sourcecode.swift; path = SecondaryRoundedButtonStyle.swift; sourceTree = "<group>"; };
		52F12B992689BF4300C5494E /* RRFileParser.swift */ = {isa = PBXFileReference; lastKnownFileType = sourcecode.swift; path = RRFileParser.swift; sourceTree = "<group>"; };
		52F12B9E268A2D5400C5494E /* Data+ByteBuffer.swift */ = {isa = PBXFileReference; lastKnownFileType = sourcecode.swift; path = "Data+ByteBuffer.swift"; sourceTree = "<group>"; };
		6510D92926A5E62C00FECC97 /* StateTileView.swift */ = {isa = PBXFileReference; lastKnownFileType = sourcecode.swift; path = StateTileView.swift; sourceTree = "<group>"; };
		652FA91F264D2EE1007C67F6 /* ApiWebSocketClient.swift */ = {isa = PBXFileReference; lastKnownFileType = sourcecode.swift; path = ApiWebSocketClient.swift; sourceTree = "<group>"; };
		654289382646B78B009B8BE5 /* Roborock.app */ = {isa = PBXFileReference; explicitFileType = wrapper.application; includeInIndex = 0; path = Roborock.app; sourceTree = BUILT_PRODUCTS_DIR; };
		6542893B2646B78B009B8BE5 /* RoborockApp.swift */ = {isa = PBXFileReference; lastKnownFileType = sourcecode.swift; path = RoborockApp.swift; sourceTree = "<group>"; };
		6542893F2646B78C009B8BE5 /* Assets.xcassets */ = {isa = PBXFileReference; lastKnownFileType = folder.assetcatalog; path = Assets.xcassets; sourceTree = "<group>"; };
		654289422646B78C009B8BE5 /* Preview Assets.xcassets */ = {isa = PBXFileReference; lastKnownFileType = folder.assetcatalog; path = "Preview Assets.xcassets"; sourceTree = "<group>"; };
		654289442646B78C009B8BE5 /* Info.plist */ = {isa = PBXFileReference; lastKnownFileType = text.plist.xml; path = Info.plist; sourceTree = "<group>"; };
		6542895A2646C442009B8BE5 /* Main.swift */ = {isa = PBXFileReference; lastKnownFileType = sourcecode.swift; path = Main.swift; sourceTree = "<group>"; };
		6542895E2646C623009B8BE5 /* Api.swift */ = {isa = PBXFileReference; lastKnownFileType = sourcecode.swift; path = Api.swift; sourceTree = "<group>"; };
		654289672646E884009B8BE5 /* MainView.swift */ = {isa = PBXFileReference; lastKnownFileType = sourcecode.swift; path = MainView.swift; sourceTree = "<group>"; };
		6542896B264725F1009B8BE5 /* SegmentList.swift */ = {isa = PBXFileReference; lastKnownFileType = sourcecode.swift; path = SegmentList.swift; sourceTree = "<group>"; };
		65B0EEE126A3644500924CB9 /* Main.swift */ = {isa = PBXFileReference; lastKnownFileType = sourcecode.swift; path = Main.swift; sourceTree = "<group>"; };
		65B0EEF526A3749900924CB9 /* CircularProgressViewStyle.swift */ = {isa = PBXFileReference; lastKnownFileType = sourcecode.swift; path = CircularProgressViewStyle.swift; sourceTree = "<group>"; };
		65B0EEF826A37F3A00924CB9 /* ButtonView.swift */ = {isa = PBXFileReference; lastKnownFileType = sourcecode.swift; path = ButtonView.swift; sourceTree = "<group>"; };
		65B0EEFB26A3816D00924CB9 /* MainView.swift */ = {isa = PBXFileReference; lastKnownFileType = sourcecode.swift; path = MainView.swift; sourceTree = "<group>"; };
		65B0EEFD26A3825E00924CB9 /* SegmentList.swift */ = {isa = PBXFileReference; lastKnownFileType = sourcecode.swift; path = SegmentList.swift; sourceTree = "<group>"; };
		65F6620E26FF37FB008472C4 /* NetworkExtension.framework */ = {isa = PBXFileReference; lastKnownFileType = wrapper.framework; name = NetworkExtension.framework; path = System/Library/Frameworks/NetworkExtension.framework; sourceTree = SDKROOT; };
/* End PBXFileReference section */

/* Begin PBXFrameworksBuildPhase section */
		521C7409269DD3CE0098D71A /* Frameworks */ = {
			isa = PBXFrameworksBuildPhase;
			buildActionMask = 2147483647;
			files = (
				5214A18C29BCDAC400C3FD57 /* RoborockApi in Frameworks */,
				5214A18B29BCDAC400C3FD57 /* ComposableArchitecture in Frameworks */,
				5200DB3926AC764E0026D69F /* RoborockApi in Frameworks */,
				521C7432269DFA6A0098D71A /* ComposableArchitecture in Frameworks */,
			);
			runOnlyForDeploymentPostprocessing = 0;
		};
		5249E9A026970BD00095828E /* Frameworks */ = {
			isa = PBXFrameworksBuildPhase;
			buildActionMask = 2147483647;
			files = (
				5249E9A526970BD00095828E /* Intents.framework in Frameworks */,
				5200DB3B26AC76540026D69F /* RoborockApi in Frameworks */,
				52D1BABB269C6C4A00219230 /* IntentsUI.framework in Frameworks */,
			);
			runOnlyForDeploymentPostprocessing = 0;
		};
		654289352646B78B009B8BE5 /* Frameworks */ = {
			isa = PBXFrameworksBuildPhase;
			buildActionMask = 2147483647;
			files = (
				52D1BAB0269C6AB900219230 /* Gzip in Frameworks */,
				65F6620F26FF37FB008472C4 /* NetworkExtension.framework in Frameworks */,
				5200DB3726AC76450026D69F /* RoborockApi in Frameworks */,
				52D1BAAE269C6AB900219230 /* ComposableArchitecture in Frameworks */,
			);
			runOnlyForDeploymentPostprocessing = 0;
		};
/* End PBXFrameworksBuildPhase section */

/* Begin PBXGroup section */
		52046F2126494BF100E1C041 /* Views */ = {
			isa = PBXGroup;
			children = (
				52DBCBB22694C20900D25CC6 /* SectionHeader.swift */,
				52046F2826494DC400E1C041 /* BlurView.swift */,
				52046F2526494DA100E1C041 /* PrimaryRoundedButtonStyle.swift */,
				52C7F1B22A08E3FD00D4E495 /* PrimaryButtonStyle.swift */,
				52C7F1B42A08E48000D4E495 /* SecondaryButtonStyle.swift */,
				52EE04CE269CAE8D00C677AA /* SecondaryRoundedButtonStyle.swift */,
			);
			path = Views;
			sourceTree = "<group>";
		};
		521C7404269DD3CC0098D71A /* WatchApp */ = {
			isa = PBXGroup;
			children = (
				52232ADD26A751310024D072 /* WatchApp.entitlements */,
				521C7405269DD3CD0098D71A /* Assets.xcassets */,
				521C7407269DD3CD0098D71A /* Info.plist */,
			);
			path = WatchApp;
			sourceTree = "<group>";
		};
		521C7410269DD3CE0098D71A /* WatchApp Extension */ = {
			isa = PBXGroup;
			children = (
				52232ADF26A753380024D072 /* WatchApp Extension.entitlements */,
				65B0EF0026A3835D00924CB9 /* Code */,
				521C741B269DD3CF0098D71A /* Assets.xcassets */,
				521C7420269DD3CF0098D71A /* Info.plist */,
				521C741D269DD3CF0098D71A /* Preview Content */,
				521C7421269DD3CF0098D71A /* PushNotificationPayload.apns */,
			);
			path = "WatchApp Extension";
			sourceTree = "<group>";
		};
		521C741D269DD3CF0098D71A /* Preview Content */ = {
			isa = PBXGroup;
			children = (
				521C741E269DD3CF0098D71A /* Preview Assets.xcassets */,
			);
			path = "Preview Content";
			sourceTree = "<group>";
		};
		521C742C269DD7700098D71A /* Home */ = {
			isa = PBXGroup;
			children = (
				521C7413269DD3CE0098D71A /* HomeView.swift */,
				5238572426A056AD00B2FBEA /* Views */,
			);
			path = Home;
			sourceTree = "<group>";
		};
		52232AE326A81E840024D072 /* Shared */ = {
			isa = PBXGroup;
			children = (
				5260D9E126AB278000901A10 /* WatchConnection */,
				52232AE426A81EB30024D072 /* Api */,
				52232AE526A81EBA0024D072 /* Shared */,
			);
			path = Shared;
			sourceTree = "<group>";
		};
		52232AE426A81EB30024D072 /* Api */ = {
			isa = PBXGroup;
			children = (
				6542895E2646C623009B8BE5 /* Api.swift */,
				5214A19729BCE8A800C3FD57 /* Api+State.swift */,
				5214A19A29BCE8CC00C3FD57 /* Api+Action.swift */,
				5214A19E29BCE93D00C3FD57 /* Api+Reducer.swift */,
				652FA91F264D2EE1007C67F6 /* ApiWebSocketClient.swift */,
				5214A19029BCDBD600C3FD57 /* ApiWebSocketClient+Dependency.swift */,
				5214A18D29BCDBD400C3FD57 /* RestClient+Dependency.swift */,
			);
			path = Api;
			sourceTree = "<group>";
		};
		52232AE526A81EBA0024D072 /* Shared */ = {
			isa = PBXGroup;
			children = (
				528A3A012A716F530005A4DF /* UserDefaultsHelper.swift */,
			);
			path = Shared;
			sourceTree = "<group>";
		};
		522336C9269351B300748AFD /* RRFileParser */ = {
			isa = PBXGroup;
			children = (
				52F12B992689BF4300C5494E /* RRFileParser.swift */,
				5214A19229BCDE3C00C3FD57 /* RRFileParser+Dependency.swift */,
			);
			path = RRFileParser;
			sourceTree = "<group>";
		};
		5238572426A056AD00B2FBEA /* Views */ = {
			isa = PBXGroup;
			children = (
				52C658ED26A5D38F009C8D07 /* BatteryTileView.swift */,
				65B0EEF826A37F3A00924CB9 /* ButtonView.swift */,
				65B0EEF526A3749900924CB9 /* CircularProgressViewStyle.swift */,
				52E890AC26A6E320004E9D7A /* FanspeedList.swift */,
				65B0EEFD26A3825E00924CB9 /* SegmentList.swift */,
				6510D92926A5E62C00FECC97 /* StateTileView.swift */,
				5238572526A056B800B2FBEA /* StatusTileView.swift */,
			);
			path = Views;
			sourceTree = "<group>";
		};
		5249E97A2695D5390095828E /* Code */ = {
			isa = PBXGroup;
			children = (
				6542893B2646B78B009B8BE5 /* RoborockApp.swift */,
				52F12B9D268A2D4400C5494E /* Helper */,
				654289592646C438009B8BE5 /* Main */,
				522336C9269351B300748AFD /* RRFileParser */,
				52DBCBAB2694BBDA00D25CC6 /* Settings */,
				52046F2126494BF100E1C041 /* Views */,
			);
			path = Code;
			sourceTree = "<group>";
		};
		5249E97B2695D55A0095828E /* Assets */ = {
			isa = PBXGroup;
			children = (
				6542893F2646B78C009B8BE5 /* Assets.xcassets */,
			);
			path = Assets;
			sourceTree = "<group>";
		};
		5249E97C2695D5640095828E /* Supporting Files */ = {
			isa = PBXGroup;
			children = (
				654289442646B78C009B8BE5 /* Info.plist */,
				52AD4DAC2695D2C700D5C839 /* Localizable.strings */,
				5249E984269609FA0095828E /* Roborock.entitlements */,
			);
			path = "Supporting Files";
			sourceTree = "<group>";
		};
		5249E9832695D8440095828E /* Views */ = {
			isa = PBXGroup;
			children = (
				5275B169264999D1008B4DC7 /* ButtonView.swift */,
				52C658E926A5C79B009C8D07 /* FanspeedSelection.swift */,
				5249E97D2695D6930095828E /* HeaderView.swift */,
				5275B16D2649A05B008B4DC7 /* MapView.swift */,
				5249E97F2695D6ED0095828E /* NotConnectedView.swift */,
				6542896B264725F1009B8BE5 /* SegmentList.swift */,
				52046F2226494C0000E1C041 /* StatusItemView.swift */,
				5275B16526499263008B4DC7 /* StatusView.swift */,
			);
			path = Views;
			sourceTree = "<group>";
		};
		5249E98E2696E7A70095828E /* Frameworks */ = {
			isa = PBXGroup;
			children = (
				65F6620E26FF37FB008472C4 /* NetworkExtension.framework */,
				5249E98F2696E7A70095828E /* IntentsUI.framework */,
				5249E9A426970BD00095828E /* Intents.framework */,
			);
			name = Frameworks;
			sourceTree = "<group>";
		};
		5249E9A626970BD00095828E /* StartCleaning */ = {
			isa = PBXGroup;
			children = (
				52232ADE26A752480024D072 /* StartCleaning.entitlements */,
				5297E3A52698949300680D9A /* Intents.intentdefinition */,
				5249E9C526970CD50095828E /* CleanRoomIntentHandler.swift */,
				5249E9A726970BD00095828E /* IntentHandler.swift */,
				5249E9A926970BD00095828E /* Info.plist */,
			);
			path = StartCleaning;
			sourceTree = "<group>";
		};
		5260D9E126AB278000901A10 /* WatchConnection */ = {
			isa = PBXGroup;
			children = (
				5260D9F526AB283300901A10 /* Model */,
				5260D9DB26AB19C100901A10 /* WatchConnection.swift */,
				5214A19129BCDCEA00C3FD57 /* WatchKitSessionClient+Dependency.swift */,
				52232AE726A87F310024D072 /* WatchKitSessionClient.swift */,
				52232AE026A81C2A0024D072 /* WatchkitSessionDelegate.swift */,
				5260D9E226AB27AB00901A10 /* WCSessionAction.swift */,
				52E0F62C26AADCF200C34206 /* WCSessionData.swift */,
			);
			path = WatchConnection;
			sourceTree = "<group>";
		};
		5260D9F526AB283300901A10 /* Model */ = {
			isa = PBXGroup;
			children = (
				5260D9E826AB27C900901A10 /* WCSessionRequestData.swift */,
				5260D9EB26AB27E700901A10 /* WCSessionAppResponseData.swift */,
				5260D9EC26AB27F500901A10 /* WCSessionWatchResponseData.swift */,
			);
			path = Model;
			sourceTree = "<group>";
		};
		52DBCBAB2694BBDA00D25CC6 /* Settings */ = {
			isa = PBXGroup;
			children = (
				52DBCBAC2694BBE200D25CC6 /* Settings.swift */,
				52DBCBAE2694BC6A00D25CC6 /* SettingsView.swift */,
			);
			path = Settings;
			sourceTree = "<group>";
		};
		52F12B9D268A2D4400C5494E /* Helper */ = {
			isa = PBXGroup;
			children = (
				52F12B9E268A2D5400C5494E /* Data+ByteBuffer.swift */,
				525079D1268F82E6000F7095 /* UIColor+Hex.swift */,
				52989C80268A3FCF00DF3237 /* UIColor+PixelData.swift */,
				525079D3268F82ED000F7095 /* UIImage+Rotate.swift */,
				52DBCBA526946C0300D25CC6 /* UIColor+Custom.swift */,
				52DBCBA72694B1AB00D25CC6 /* String+Size.swift */,
			);
			path = Helper;
			sourceTree = "<group>";
		};
		52F3B6E726AC67260092447E /* Views */ = {
			isa = PBXGroup;
			children = (
				52E890AA26A6E128004E9D7A /* CircularButtonStyle.swift */,
				52C658E326A5B390009C8D07 /* PrimaryButtonStyle.swift */,
			);
			path = Views;
			sourceTree = "<group>";
		};
		6542892F2646B78B009B8BE5 = {
			isa = PBXGroup;
			children = (
				521581DA29BDEB2800D8E594 /* Roborock-Api */,
				52232AE326A81E840024D072 /* Shared */,
				52EE04C7269CA2AB00C677AA /* .swiftlint.yml */,
				52232ADC26A74C250024D072 /* bitrise.yml */,
				5249E98E2696E7A70095828E /* Frameworks */,
				654289392646B78B009B8BE5 /* Products */,
				6542893A2646B78B009B8BE5 /* Roborock */,
				5249E9A626970BD00095828E /* StartCleaning */,
				521C7404269DD3CC0098D71A /* WatchApp */,
				521C7410269DD3CE0098D71A /* WatchApp Extension */,
			);
			sourceTree = "<group>";
		};
		654289392646B78B009B8BE5 /* Products */ = {
			isa = PBXGroup;
			children = (
				654289382646B78B009B8BE5 /* Roborock.app */,
				5249E9A326970BD00095828E /* CleaningIntent.appex */,
				521C7403269DD3CC0098D71A /* WatchApp.app */,
			);
			name = Products;
			sourceTree = "<group>";
		};
		6542893A2646B78B009B8BE5 /* Roborock */ = {
			isa = PBXGroup;
			children = (
				5249E97B2695D55A0095828E /* Assets */,
				5249E97A2695D5390095828E /* Code */,
				654289412646B78C009B8BE5 /* Preview Content */,
				5249E97C2695D5640095828E /* Supporting Files */,
			);
			path = Roborock;
			sourceTree = "<group>";
		};
		654289412646B78C009B8BE5 /* Preview Content */ = {
			isa = PBXGroup;
			children = (
				654289422646B78C009B8BE5 /* Preview Assets.xcassets */,
			);
			path = "Preview Content";
			sourceTree = "<group>";
		};
		654289592646C438009B8BE5 /* Main */ = {
			isa = PBXGroup;
			children = (
				5249E9832695D8440095828E /* Views */,
				6542895A2646C442009B8BE5 /* Main.swift */,
				654289672646E884009B8BE5 /* MainView.swift */,
				5249E9812695D7C00095828E /* RoomSelectionView.swift */,
			);
			path = Main;
			sourceTree = "<group>";
		};
		65B0EEFF26A3835200924CB9 /* Main */ = {
			isa = PBXGroup;
			children = (
				65B0EEE126A3644500924CB9 /* Main.swift */,
				65B0EEFB26A3816D00924CB9 /* MainView.swift */,
			);
			path = Main;
			sourceTree = "<group>";
		};
		65B0EF0026A3835D00924CB9 /* Code */ = {
			isa = PBXGroup;
			children = (
				521C7411269DD3CE0098D71A /* RoborockApp.swift */,
				521C742C269DD7700098D71A /* Home */,
				65B0EEFF26A3835200924CB9 /* Main */,
				521C7419269DD3CE0098D71A /* ComplicationController.swift */,
				521C7415269DD3CE0098D71A /* NotificationController.swift */,
				521C7417269DD3CE0098D71A /* NotificationView.swift */,
				52F3B6E726AC67260092447E /* Views */,
			);
			path = Code;
			sourceTree = "<group>";
		};
/* End PBXGroup section */

/* Begin PBXNativeTarget section */
		521C7402269DD3CC0098D71A /* WatchApp */ = {
			isa = PBXNativeTarget;
			buildConfigurationList = 521C7429269DD3CF0098D71A /* Build configuration list for PBXNativeTarget "WatchApp" */;
			buildPhases = (
				521C7401269DD3CC0098D71A /* Resources */,
				521C7408269DD3CE0098D71A /* Sources */,
				5214A19629BCE83100C3FD57 /* Swiftlint */,
				521C7409269DD3CE0098D71A /* Frameworks */,
			);
			buildRules = (
			);
			dependencies = (
			);
			name = WatchApp;
			packageProductDependencies = (
				657FAE3328DB784000FFCACC /* ComposableArchitecture */,
				657FAE3428DB784000FFCACC /* RoborockApi */,
			);
			productName = WatchApp;
			productReference = 521C7403269DD3CC0098D71A /* WatchApp.app */;
			productType = "com.apple.product-type.application";
		};
		5249E9A226970BD00095828E /* CleaningIntent */ = {
			isa = PBXNativeTarget;
			buildConfigurationList = 5249E9C026970BD10095828E /* Build configuration list for PBXNativeTarget "CleaningIntent" */;
			buildPhases = (
				5249E99F26970BD00095828E /* Sources */,
				5249E9A026970BD00095828E /* Frameworks */,
				5249E9A126970BD00095828E /* Resources */,
				528A3A002A716AD40005A4DF /* Swiftlint */,
				52D1BABA269C6BA800219230 /* Embed Frameworks */,
			);
			buildRules = (
			);
			dependencies = (
			);
			name = CleaningIntent;
			packageProductDependencies = (
				5200DB3A26AC76540026D69F /* RoborockApi */,
			);
			productName = StartCleaning;
			productReference = 5249E9A326970BD00095828E /* CleaningIntent.appex */;
			productType = "com.apple.product-type.app-extension";
		};
		654289372646B78B009B8BE5 /* Roborock */ = {
			isa = PBXNativeTarget;
			buildConfigurationList = 654289472646B78C009B8BE5 /* Build configuration list for PBXNativeTarget "Roborock" */;
			buildPhases = (
				654289342646B78B009B8BE5 /* Sources */,
				654289352646B78B009B8BE5 /* Frameworks */,
				654289362646B78B009B8BE5 /* Resources */,
				52EE04C6269CA24A00C677AA /* Swiftlint */,
				5249E99E2696E7A70095828E /* Embed Foundation Extensions */,
				52D1BAB5269C6BA100219230 /* Embed Frameworks */,
				5237FC77269DA2FD00266CD9 /* Embed Watch Content */,
			);
			buildRules = (
			);
			dependencies = (
				5249E9BB26970BD10095828E /* PBXTargetDependency */,
				521C7423269DD3CF0098D71A /* PBXTargetDependency */,
			);
			name = Roborock;
			packageProductDependencies = (
				52D1BAAD269C6AB900219230 /* ComposableArchitecture */,
				52D1BAAF269C6AB900219230 /* Gzip */,
				5200DB3626AC76450026D69F /* RoborockApi */,
			);
			productName = Roborock;
			productReference = 654289382646B78B009B8BE5 /* Roborock.app */;
			productType = "com.apple.product-type.application";
		};
/* End PBXNativeTarget section */

/* Begin PBXProject section */
		654289302646B78B009B8BE5 /* Project object */ = {
			isa = PBXProject;
			attributes = {
				BuildIndependentTargetsInParallel = YES;
				LastSwiftUpdateCheck = 1250;
				LastUpgradeCheck = 1500;
				TargetAttributes = {
					521C7402269DD3CC0098D71A = {
						CreatedOnToolsVersion = 12.5.1;
					};
					5249E9A226970BD00095828E = {
						CreatedOnToolsVersion = 13.0;
					};
					654289372646B78B009B8BE5 = {
						CreatedOnToolsVersion = 12.5;
					};
				};
			};
			buildConfigurationList = 654289332646B78B009B8BE5 /* Build configuration list for PBXProject "Roborock" */;
			compatibilityVersion = "Xcode 9.3";
			developmentRegion = en;
			hasScannedForEncodings = 0;
			knownRegions = (
				en,
				Base,
				de,
			);
			mainGroup = 6542892F2646B78B009B8BE5;
			packageReferences = (
				6542894A2646B7D5009B8BE5 /* XCRemoteSwiftPackageReference "swift-composable-architecture" */,
				6510E8DB268888B9001E9230 /* XCRemoteSwiftPackageReference "NWWebSocket" */,
				6510E8E12688B50C001E9230 /* XCRemoteSwiftPackageReference "GzipSwift" */,
				5200DB3526AC76450026D69F /* XCRemoteSwiftPackageReference "Roborock-Api" */,
			);
			productRefGroup = 654289392646B78B009B8BE5 /* Products */;
			projectDirPath = "";
			projectRoot = "";
			targets = (
				654289372646B78B009B8BE5 /* Roborock */,
				521C7402269DD3CC0098D71A /* WatchApp */,
				5249E9A226970BD00095828E /* CleaningIntent */,
			);
		};
/* End PBXProject section */

/* Begin PBXResourcesBuildPhase section */
		521C7401269DD3CC0098D71A /* Resources */ = {
			isa = PBXResourcesBuildPhase;
			buildActionMask = 2147483647;
			files = (
				52E890AE26A723BA004E9D7A /* Assets.xcassets in Resources */,
				6510D92B26A5EFE800FECC97 /* Localizable.strings in Resources */,
				521C741F269DD3CF0098D71A /* Preview Assets.xcassets in Resources */,
				521C7406269DD3CD0098D71A /* Assets.xcassets in Resources */,
			);
			runOnlyForDeploymentPostprocessing = 0;
		};
		5249E9A126970BD00095828E /* Resources */ = {
			isa = PBXResourcesBuildPhase;
			buildActionMask = 2147483647;
			files = (
			);
			runOnlyForDeploymentPostprocessing = 0;
		};
		654289362646B78B009B8BE5 /* Resources */ = {
			isa = PBXResourcesBuildPhase;
			buildActionMask = 2147483647;
			files = (
				654289432646B78C009B8BE5 /* Preview Assets.xcassets in Resources */,
				52AD4DAA2695D2C700D5C839 /* Localizable.strings in Resources */,
				654289402646B78C009B8BE5 /* Assets.xcassets in Resources */,
			);
			runOnlyForDeploymentPostprocessing = 0;
		};
/* End PBXResourcesBuildPhase section */

/* Begin PBXShellScriptBuildPhase section */
		5214A19629BCE83100C3FD57 /* Swiftlint */ = {
			isa = PBXShellScriptBuildPhase;
			alwaysOutOfDate = 1;
			buildActionMask = 2147483647;
			files = (
			);
			inputFileListPaths = (
			);
			inputPaths = (
			);
			name = Swiftlint;
			outputFileListPaths = (
			);
			outputPaths = (
			);
			runOnlyForDeploymentPostprocessing = 0;
			shellPath = /bin/sh;
			shellScript = "#!/bin/sh\n\n# Adds support for Apple Silicon brew directory\nexport PATH=\"$PATH:/opt/homebrew/bin\"\n\nif which swiftlint >/dev/null; then\n  swiftlint\nelse\n  echo \"warning: SwiftLint not installed, download from https://github.com/realm/SwiftLint\"\nfi\n";
		};
		528A3A002A716AD40005A4DF /* Swiftlint */ = {
			isa = PBXShellScriptBuildPhase;
			alwaysOutOfDate = 1;
			buildActionMask = 2147483647;
			files = (
			);
			inputFileListPaths = (
			);
			inputPaths = (
			);
			name = Swiftlint;
			outputFileListPaths = (
			);
			outputPaths = (
			);
			runOnlyForDeploymentPostprocessing = 0;
			shellPath = /bin/sh;
			shellScript = "#!/bin/sh\n\n# Adds support for Apple Silicon brew directory\nexport PATH=\"$PATH:/opt/homebrew/bin\"\n\nif which swiftlint >/dev/null; then\n  swiftlint\nelse\n  echo \"warning: SwiftLint not installed, download from https://github.com/realm/SwiftLint\"\nfi\n";
		};
		52EE04C6269CA24A00C677AA /* Swiftlint */ = {
			isa = PBXShellScriptBuildPhase;
			alwaysOutOfDate = 1;
			buildActionMask = 2147483647;
			files = (
			);
			inputFileListPaths = (
			);
			inputPaths = (
			);
			name = Swiftlint;
			outputFileListPaths = (
			);
			outputPaths = (
			);
			runOnlyForDeploymentPostprocessing = 0;
			shellPath = /bin/sh;
			shellScript = "#!/bin/sh\n\n# Adds support for Apple Silicon brew directory\nexport PATH=\"$PATH:/opt/homebrew/bin\"\n\nif which swiftlint >/dev/null; then\n  swiftlint\nelse\n  echo \"warning: SwiftLint not installed, download from https://github.com/realm/SwiftLint\"\nfi\n";
		};
/* End PBXShellScriptBuildPhase section */

/* Begin PBXSourcesBuildPhase section */
		521C7408269DD3CE0098D71A /* Sources */ = {
			isa = PBXSourcesBuildPhase;
			buildActionMask = 2147483647;
			files = (
				52C658EE26A5D38F009C8D07 /* BatteryTileView.swift in Sources */,
				52C658E426A5B390009C8D07 /* PrimaryButtonStyle.swift in Sources */,
				521C7416269DD3CE0098D71A /* NotificationController.swift in Sources */,
				6510D92A26A5E62C00FECC97 /* StateTileView.swift in Sources */,
				65B0EEF626A3749900924CB9 /* CircularProgressViewStyle.swift in Sources */,
				52232AE826A87F310024D072 /* WatchKitSessionClient.swift in Sources */,
				5260D9E426AB27AB00901A10 /* WCSessionAction.swift in Sources */,
				521C7414269DD3CE0098D71A /* HomeView.swift in Sources */,
				65B0EEF226A3703E00924CB9 /* Main.swift in Sources */,
				5214A1A229BCEA2B00C3FD57 /* WatchKitSessionClient+Dependency.swift in Sources */,
				5260D9F326AB282A00901A10 /* WCSessionWatchResponseData.swift in Sources */,
				528A3A032A716F530005A4DF /* UserDefaultsHelper.swift in Sources */,
				52E0F62E26AADCF200C34206 /* WCSessionData.swift in Sources */,
				521C741A269DD3CE0098D71A /* ComplicationController.swift in Sources */,
				65B0EEDA26A362F900924CB9 /* Api.swift in Sources */,
				65B0EEE326A364AA00924CB9 /* ApiWebSocketClient.swift in Sources */,
				5214A18F29BCDBD400C3FD57 /* RestClient+Dependency.swift in Sources */,
				5238572626A056B800B2FBEA /* StatusTileView.swift in Sources */,
				5260D9F426AB282A00901A10 /* WCSessionAppResponseData.swift in Sources */,
				52E890AD26A6E320004E9D7A /* FanspeedList.swift in Sources */,
				5214A1A029BCE93D00C3FD57 /* Api+Reducer.swift in Sources */,
				5214A19529BCE0D000C3FD57 /* ApiWebSocketClient+Dependency.swift in Sources */,
				5260D9DD26AB19C100901A10 /* WatchConnection.swift in Sources */,
				65B0EEFC26A3816D00924CB9 /* MainView.swift in Sources */,
				52232AE126A81C2A0024D072 /* WatchkitSessionDelegate.swift in Sources */,
				521C7412269DD3CE0098D71A /* RoborockApp.swift in Sources */,
				5260D9E926AB27C900901A10 /* WCSessionRequestData.swift in Sources */,
				5214A19D29BCE91D00C3FD57 /* Api+Action.swift in Sources */,
				65B0EEF926A37F3A00924CB9 /* ButtonView.swift in Sources */,
				52E890AB26A6E128004E9D7A /* CircularButtonStyle.swift in Sources */,
				65B0EEFE26A3825E00924CB9 /* SegmentList.swift in Sources */,
				521C7418269DD3CE0098D71A /* NotificationView.swift in Sources */,
				5214A19929BCE8A800C3FD57 /* Api+State.swift in Sources */,
			);
			runOnlyForDeploymentPostprocessing = 0;
		};
		5249E99F26970BD00095828E /* Sources */ = {
			isa = PBXSourcesBuildPhase;
			buildActionMask = 2147483647;
			files = (
				5297E3A82698956E00680D9A /* Intents.intentdefinition in Sources */,
				5249E9A826970BD00095828E /* IntentHandler.swift in Sources */,
				52D1BA8C269C57BD00219230 /* CleanRoomIntentHandler.swift in Sources */,
			);
			runOnlyForDeploymentPostprocessing = 0;
		};
		654289342646B78B009B8BE5 /* Sources */ = {
			isa = PBXSourcesBuildPhase;
			buildActionMask = 2147483647;
			files = (
				52DBCBAF2694BC6A00D25CC6 /* SettingsView.swift in Sources */,
				52046F2926494DC400E1C041 /* BlurView.swift in Sources */,
				5260D9E326AB27AB00901A10 /* WCSessionAction.swift in Sources */,
				52F12B9A2689BF4300C5494E /* RRFileParser.swift in Sources */,
				52C658EA26A5C79B009C8D07 /* FanspeedSelection.swift in Sources */,
				5214A19429BCE0CF00C3FD57 /* ApiWebSocketClient+Dependency.swift in Sources */,
				52232AE926A881050024D072 /* WatchKitSessionClient.swift in Sources */,
				5214A19329BCDE3C00C3FD57 /* RRFileParser+Dependency.swift in Sources */,
				6510E8DF2688AD02001E9230 /* ButtonView.swift in Sources */,
				5214A1A129BCEA2B00C3FD57 /* WatchKitSessionClient+Dependency.swift in Sources */,
				5297E3A32698949300680D9A /* Intents.intentdefinition in Sources */,
				52DBCBA626946C0300D25CC6 /* UIColor+Custom.swift in Sources */,
				52989C81268A3FCF00DF3237 /* UIColor+PixelData.swift in Sources */,
				5260D9F226AB282900901A10 /* WCSessionAppResponseData.swift in Sources */,
				654289682646E884009B8BE5 /* MainView.swift in Sources */,
				525079D4268F82ED000F7095 /* UIImage+Rotate.swift in Sources */,
				52EE04CF269CAE8D00C677AA /* SecondaryRoundedButtonStyle.swift in Sources */,
				6542896C264725F1009B8BE5 /* SegmentList.swift in Sources */,
				6542895B2646C442009B8BE5 /* Main.swift in Sources */,
				52C7F1B32A08E3FD00D4E495 /* PrimaryButtonStyle.swift in Sources */,
				6510E8E02688AF15001E9230 /* StatusView.swift in Sources */,
				5260D9EF26AB282900901A10 /* WCSessionWatchResponseData.swift in Sources */,
				52DBCBAD2694BBE200D25CC6 /* Settings.swift in Sources */,
				52046F2626494DA100E1C041 /* PrimaryRoundedButtonStyle.swift in Sources */,
				6542893C2646B78B009B8BE5 /* RoborockApp.swift in Sources */,
				52D1BAA5269C598B00219230 /* ApiWebSocketClient.swift in Sources */,
				52232AE626A81ECD0024D072 /* WatchkitSessionDelegate.swift in Sources */,
				5214A19829BCE8A800C3FD57 /* Api+State.swift in Sources */,
				5249E9802695D6ED0095828E /* NotConnectedView.swift in Sources */,
				52046F2326494C0000E1C041 /* StatusItemView.swift in Sources */,
				52E0F62D26AADCF200C34206 /* WCSessionData.swift in Sources */,
				52DBCBA82694B1AB00D25CC6 /* String+Size.swift in Sources */,
				525079D2268F82E6000F7095 /* UIColor+Hex.swift in Sources */,
				5214A18E29BCDBD400C3FD57 /* RestClient+Dependency.swift in Sources */,
				5214A19C29BCE91D00C3FD57 /* Api+Action.swift in Sources */,
				5249E9822695D7C00095828E /* RoomSelectionView.swift in Sources */,
				5260D9F026AB282900901A10 /* WCSessionRequestData.swift in Sources */,
				6542895F2646C623009B8BE5 /* Api.swift in Sources */,
				52C7F1B52A08E48000D4E495 /* SecondaryButtonStyle.swift in Sources */,
				5260D9DC26AB19C100901A10 /* WatchConnection.swift in Sources */,
				5214A19F29BCE93D00C3FD57 /* Api+Reducer.swift in Sources */,
				528A3A022A716F530005A4DF /* UserDefaultsHelper.swift in Sources */,
				52F12B9F268A2D5400C5494E /* Data+ByteBuffer.swift in Sources */,
				5249E97E2695D6930095828E /* HeaderView.swift in Sources */,
				5275B16E2649A05B008B4DC7 /* MapView.swift in Sources */,
				52DBCBB32694C20900D25CC6 /* SectionHeader.swift in Sources */,
			);
			runOnlyForDeploymentPostprocessing = 0;
		};
/* End PBXSourcesBuildPhase section */

/* Begin PBXTargetDependency section */
		521C7423269DD3CF0098D71A /* PBXTargetDependency */ = {
			isa = PBXTargetDependency;
			target = 521C7402269DD3CC0098D71A /* WatchApp */;
			targetProxy = 521C7422269DD3CF0098D71A /* PBXContainerItemProxy */;
		};
		5249E9BB26970BD10095828E /* PBXTargetDependency */ = {
			isa = PBXTargetDependency;
			target = 5249E9A226970BD00095828E /* CleaningIntent */;
			targetProxy = 5249E9BA26970BD10095828E /* PBXContainerItemProxy */;
		};
/* End PBXTargetDependency section */

/* Begin PBXVariantGroup section */
		5297E3A52698949300680D9A /* Intents.intentdefinition */ = {
			isa = PBXVariantGroup;
			children = (
				5297E3A42698949300680D9A /* Base */,
				52EE04C5269CA00900C677AA /* de */,
			);
			name = Intents.intentdefinition;
			sourceTree = "<group>";
		};
		52AD4DAC2695D2C700D5C839 /* Localizable.strings */ = {
			isa = PBXVariantGroup;
			children = (
				52AD4DAB2695D2C700D5C839 /* en */,
				52AD4DAD2695D2D200D5C839 /* de */,
			);
			name = Localizable.strings;
			sourceTree = "<group>";
		};
/* End PBXVariantGroup section */

/* Begin XCBuildConfiguration section */
		521C742A269DD3CF0098D71A /* Debug */ = {
			isa = XCBuildConfiguration;
			buildSettings = {
				ALWAYS_EMBED_SWIFT_STANDARD_LIBRARIES = YES;
				ASSETCATALOG_COMPILER_APPICON_NAME = AppIcon;
				ASSETCATALOG_COMPILER_COMPLICATION_NAME = Complication;
				ASSETCATALOG_COMPILER_GLOBAL_ACCENT_COLOR_NAME = AccentColor;
				CODE_SIGN_ENTITLEMENTS = "WatchApp Extension/WatchApp Extension.entitlements";
				CODE_SIGN_STYLE = Automatic;
				CURRENT_PROJECT_VERSION = 20230726;
				DEVELOPMENT_TEAM = N9C9UAVR87;
				ENABLE_USER_SCRIPT_SANDBOXING = NO;
				INFOPLIST_FILE = WatchApp/Info.plist;
				LD_RUNPATH_SEARCH_PATHS = (
					"@executable_path/Frameworks",
					"@executable_path/../../Frameworks",
				);
				PRODUCT_BUNDLE_IDENTIFIER = de.thomashack.Valetudo.WatchApp;
				PRODUCT_NAME = "$(TARGET_NAME)";
				SDKROOT = watchos;
				SKIP_INSTALL = YES;
				SWIFT_VERSION = 5.0;
				TARGETED_DEVICE_FAMILY = 4;
				WATCHOS_DEPLOYMENT_TARGET = 8.0;
			};
			name = Debug;
		};
		521C742B269DD3CF0098D71A /* Release */ = {
			isa = XCBuildConfiguration;
			buildSettings = {
				ALWAYS_EMBED_SWIFT_STANDARD_LIBRARIES = YES;
				ASSETCATALOG_COMPILER_APPICON_NAME = AppIcon;
				ASSETCATALOG_COMPILER_COMPLICATION_NAME = Complication;
				ASSETCATALOG_COMPILER_GLOBAL_ACCENT_COLOR_NAME = AccentColor;
				CODE_SIGN_ENTITLEMENTS = "WatchApp Extension/WatchApp Extension.entitlements";
				CODE_SIGN_STYLE = Automatic;
				CURRENT_PROJECT_VERSION = 20230726;
				DEVELOPMENT_TEAM = N9C9UAVR87;
				ENABLE_USER_SCRIPT_SANDBOXING = NO;
				INFOPLIST_FILE = WatchApp/Info.plist;
				LD_RUNPATH_SEARCH_PATHS = (
					"@executable_path/Frameworks",
					"@executable_path/../../Frameworks",
				);
				PRODUCT_BUNDLE_IDENTIFIER = de.thomashack.Valetudo.WatchApp;
				PRODUCT_NAME = "$(TARGET_NAME)";
				SDKROOT = watchos;
				SKIP_INSTALL = YES;
				SWIFT_VERSION = 5.0;
				TARGETED_DEVICE_FAMILY = 4;
				WATCHOS_DEPLOYMENT_TARGET = 8.0;
			};
			name = Release;
		};
		5249E9C126970BD10095828E /* Debug */ = {
			isa = XCBuildConfiguration;
			buildSettings = {
				CODE_SIGN_ENTITLEMENTS = StartCleaning/StartCleaning.entitlements;
				CODE_SIGN_STYLE = Automatic;
				CURRENT_PROJECT_VERSION = 20230726;
				DEVELOPMENT_TEAM = N9C9UAVR87;
				ENABLE_USER_SCRIPT_SANDBOXING = NO;
				GENERATE_INFOPLIST_FILE = YES;
				INFOPLIST_FILE = StartCleaning/Info.plist;
				INFOPLIST_KEY_CFBundleExecutable = StartCleaning;
				INFOPLIST_KEY_CFBundleName = StartCleaning;
				INFOPLIST_KEY_CFBundleVersion = 20210706;
				INFOPLIST_KEY_NSHumanReadableCopyright = "";
				IPHONEOS_DEPLOYMENT_TARGET = 15.0;
				LD_RUNPATH_SEARCH_PATHS = (
					"$(inherited)",
					"@executable_path/Frameworks",
					"@executable_path/../../Frameworks",
				);
				MARKETING_VERSION = 1.0;
				PRODUCT_BUNDLE_IDENTIFIER = de.thomashack.Valetudo.CleaningIntent;
				PRODUCT_NAME = "$(TARGET_NAME)";
				SKIP_INSTALL = YES;
				SWIFT_EMIT_LOC_STRINGS = YES;
				SWIFT_VERSION = 5.0;
				TARGETED_DEVICE_FAMILY = "1,2";
				WATCHOS_DEPLOYMENT_TARGET = 7.1;
			};
			name = Debug;
		};
		5249E9C226970BD10095828E /* Release */ = {
			isa = XCBuildConfiguration;
			buildSettings = {
				CODE_SIGN_ENTITLEMENTS = StartCleaning/StartCleaning.entitlements;
				CODE_SIGN_STYLE = Automatic;
				CURRENT_PROJECT_VERSION = 20230726;
				DEVELOPMENT_TEAM = N9C9UAVR87;
				ENABLE_USER_SCRIPT_SANDBOXING = NO;
				GENERATE_INFOPLIST_FILE = YES;
				INFOPLIST_FILE = StartCleaning/Info.plist;
				INFOPLIST_KEY_CFBundleExecutable = StartCleaning;
				INFOPLIST_KEY_CFBundleName = StartCleaning;
				INFOPLIST_KEY_CFBundleVersion = 20210706;
				INFOPLIST_KEY_NSHumanReadableCopyright = "";
				IPHONEOS_DEPLOYMENT_TARGET = 15.0;
				LD_RUNPATH_SEARCH_PATHS = (
					"$(inherited)",
					"@executable_path/Frameworks",
					"@executable_path/../../Frameworks",
				);
				MARKETING_VERSION = 1.0;
				PRODUCT_BUNDLE_IDENTIFIER = de.thomashack.Valetudo.CleaningIntent;
				PRODUCT_NAME = "$(TARGET_NAME)";
				SKIP_INSTALL = YES;
				SWIFT_EMIT_LOC_STRINGS = YES;
				SWIFT_VERSION = 5.0;
				TARGETED_DEVICE_FAMILY = "1,2";
				WATCHOS_DEPLOYMENT_TARGET = 7.1;
			};
			name = Release;
		};
		654289452646B78C009B8BE5 /* Debug */ = {
			isa = XCBuildConfiguration;
			buildSettings = {
				ALWAYS_SEARCH_USER_PATHS = NO;
				ASSETCATALOG_COMPILER_GENERATE_SWIFT_ASSET_SYMBOL_EXTENSIONS = YES;
				CLANG_ANALYZER_LOCALIZABILITY_NONLOCALIZED = YES;
				CLANG_ANALYZER_NONNULL = YES;
				CLANG_ANALYZER_NUMBER_OBJECT_CONVERSION = YES_AGGRESSIVE;
				CLANG_CXX_LANGUAGE_STANDARD = "gnu++14";
				CLANG_CXX_LIBRARY = "libc++";
				CLANG_ENABLE_MODULES = YES;
				CLANG_ENABLE_OBJC_ARC = YES;
				CLANG_ENABLE_OBJC_WEAK = YES;
				CLANG_WARN_BLOCK_CAPTURE_AUTORELEASING = YES;
				CLANG_WARN_BOOL_CONVERSION = YES;
				CLANG_WARN_COMMA = YES;
				CLANG_WARN_CONSTANT_CONVERSION = YES;
				CLANG_WARN_DEPRECATED_OBJC_IMPLEMENTATIONS = YES;
				CLANG_WARN_DIRECT_OBJC_ISA_USAGE = YES_ERROR;
				CLANG_WARN_DOCUMENTATION_COMMENTS = YES;
				CLANG_WARN_EMPTY_BODY = YES;
				CLANG_WARN_ENUM_CONVERSION = YES;
				CLANG_WARN_INFINITE_RECURSION = YES;
				CLANG_WARN_INT_CONVERSION = YES;
				CLANG_WARN_NON_LITERAL_NULL_CONVERSION = YES;
				CLANG_WARN_OBJC_IMPLICIT_RETAIN_SELF = YES;
				CLANG_WARN_OBJC_LITERAL_CONVERSION = YES;
				CLANG_WARN_OBJC_ROOT_CLASS = YES_ERROR;
				CLANG_WARN_QUOTED_INCLUDE_IN_FRAMEWORK_HEADER = YES;
				CLANG_WARN_RANGE_LOOP_ANALYSIS = YES;
				CLANG_WARN_STRICT_PROTOTYPES = YES;
				CLANG_WARN_SUSPICIOUS_MOVE = YES;
				CLANG_WARN_UNGUARDED_AVAILABILITY = YES_AGGRESSIVE;
				CLANG_WARN_UNREACHABLE_CODE = YES;
				CLANG_WARN__DUPLICATE_METHOD_MATCH = YES;
				COPY_PHASE_STRIP = NO;
				DEBUG_INFORMATION_FORMAT = dwarf;
				ENABLE_STRICT_OBJC_MSGSEND = YES;
				ENABLE_TESTABILITY = YES;
				ENABLE_USER_SCRIPT_SANDBOXING = YES;
				GCC_C_LANGUAGE_STANDARD = gnu11;
				GCC_DYNAMIC_NO_PIC = NO;
				GCC_NO_COMMON_BLOCKS = YES;
				GCC_OPTIMIZATION_LEVEL = 0;
				GCC_PREPROCESSOR_DEFINITIONS = (
					"DEBUG=1",
					"$(inherited)",
				);
				GCC_WARN_64_TO_32_BIT_CONVERSION = YES;
				GCC_WARN_ABOUT_RETURN_TYPE = YES_ERROR;
				GCC_WARN_UNDECLARED_SELECTOR = YES;
				GCC_WARN_UNINITIALIZED_AUTOS = YES_AGGRESSIVE;
				GCC_WARN_UNUSED_FUNCTION = YES;
				GCC_WARN_UNUSED_VARIABLE = YES;
				IPHONEOS_DEPLOYMENT_TARGET = 16.0;
				MTL_ENABLE_DEBUG_INFO = INCLUDE_SOURCE;
				MTL_FAST_MATH = YES;
				ONLY_ACTIVE_ARCH = YES;
				SDKROOT = iphoneos;
				SWIFT_ACTIVE_COMPILATION_CONDITIONS = DEBUG;
				SWIFT_OPTIMIZATION_LEVEL = "-Onone";
			};
			name = Debug;
		};
		654289462646B78C009B8BE5 /* Release */ = {
			isa = XCBuildConfiguration;
			buildSettings = {
				ALWAYS_SEARCH_USER_PATHS = NO;
				ASSETCATALOG_COMPILER_GENERATE_SWIFT_ASSET_SYMBOL_EXTENSIONS = YES;
				CLANG_ANALYZER_LOCALIZABILITY_NONLOCALIZED = YES;
				CLANG_ANALYZER_NONNULL = YES;
				CLANG_ANALYZER_NUMBER_OBJECT_CONVERSION = YES_AGGRESSIVE;
				CLANG_CXX_LANGUAGE_STANDARD = "gnu++14";
				CLANG_CXX_LIBRARY = "libc++";
				CLANG_ENABLE_MODULES = YES;
				CLANG_ENABLE_OBJC_ARC = YES;
				CLANG_ENABLE_OBJC_WEAK = YES;
				CLANG_WARN_BLOCK_CAPTURE_AUTORELEASING = YES;
				CLANG_WARN_BOOL_CONVERSION = YES;
				CLANG_WARN_COMMA = YES;
				CLANG_WARN_CONSTANT_CONVERSION = YES;
				CLANG_WARN_DEPRECATED_OBJC_IMPLEMENTATIONS = YES;
				CLANG_WARN_DIRECT_OBJC_ISA_USAGE = YES_ERROR;
				CLANG_WARN_DOCUMENTATION_COMMENTS = YES;
				CLANG_WARN_EMPTY_BODY = YES;
				CLANG_WARN_ENUM_CONVERSION = YES;
				CLANG_WARN_INFINITE_RECURSION = YES;
				CLANG_WARN_INT_CONVERSION = YES;
				CLANG_WARN_NON_LITERAL_NULL_CONVERSION = YES;
				CLANG_WARN_OBJC_IMPLICIT_RETAIN_SELF = YES;
				CLANG_WARN_OBJC_LITERAL_CONVERSION = YES;
				CLANG_WARN_OBJC_ROOT_CLASS = YES_ERROR;
				CLANG_WARN_QUOTED_INCLUDE_IN_FRAMEWORK_HEADER = YES;
				CLANG_WARN_RANGE_LOOP_ANALYSIS = YES;
				CLANG_WARN_STRICT_PROTOTYPES = YES;
				CLANG_WARN_SUSPICIOUS_MOVE = YES;
				CLANG_WARN_UNGUARDED_AVAILABILITY = YES_AGGRESSIVE;
				CLANG_WARN_UNREACHABLE_CODE = YES;
				CLANG_WARN__DUPLICATE_METHOD_MATCH = YES;
				COPY_PHASE_STRIP = NO;
				DEBUG_INFORMATION_FORMAT = "dwarf-with-dsym";
				ENABLE_NS_ASSERTIONS = NO;
				ENABLE_STRICT_OBJC_MSGSEND = YES;
				ENABLE_USER_SCRIPT_SANDBOXING = YES;
				GCC_C_LANGUAGE_STANDARD = gnu11;
				GCC_NO_COMMON_BLOCKS = YES;
				GCC_WARN_64_TO_32_BIT_CONVERSION = YES;
				GCC_WARN_ABOUT_RETURN_TYPE = YES_ERROR;
				GCC_WARN_UNDECLARED_SELECTOR = YES;
				GCC_WARN_UNINITIALIZED_AUTOS = YES_AGGRESSIVE;
				GCC_WARN_UNUSED_FUNCTION = YES;
				GCC_WARN_UNUSED_VARIABLE = YES;
				IPHONEOS_DEPLOYMENT_TARGET = 16.0;
				MTL_ENABLE_DEBUG_INFO = NO;
				MTL_FAST_MATH = YES;
				SDKROOT = iphoneos;
				SWIFT_COMPILATION_MODE = wholemodule;
				SWIFT_OPTIMIZATION_LEVEL = "-O";
				VALIDATE_PRODUCT = YES;
			};
			name = Release;
		};
		654289482646B78C009B8BE5 /* Debug */ = {
			isa = XCBuildConfiguration;
			buildSettings = {
				ALWAYS_EMBED_SWIFT_STANDARD_LIBRARIES = YES;
				ASSETCATALOG_COMPILER_APPICON_NAME = AppIcon;
				ASSETCATALOG_COMPILER_GLOBAL_ACCENT_COLOR_NAME = AccentColor;
				ASSETCATALOG_COMPILER_INCLUDE_ALL_APPICON_ASSETS = NO;
				CODE_SIGN_ENTITLEMENTS = "Roborock/Supporting Files/Roborock.entitlements";
				CODE_SIGN_STYLE = Automatic;
				CURRENT_PROJECT_VERSION = 20230726;
				DEVELOPMENT_ASSET_PATHS = "\"Roborock/Preview Content\"";
				DEVELOPMENT_TEAM = N9C9UAVR87;
				ENABLE_PREVIEWS = YES;
				ENABLE_USER_SCRIPT_SANDBOXING = NO;
				INFOPLIST_FILE = "Roborock/Supporting Files/Info.plist";
				IPHONEOS_DEPLOYMENT_TARGET = 16.0;
				LD_RUNPATH_SEARCH_PATHS = (
					"$(inherited)",
					"@executable_path/Frameworks",
				);
				PRODUCT_BUNDLE_IDENTIFIER = de.thomashack.Valetudo;
				PRODUCT_NAME = "$(TARGET_NAME)";
				PROVISIONING_PROFILE_SPECIFIER = "";
				SWIFT_VERSION = 5.0;
				TARGETED_DEVICE_FAMILY = "1,2";
				WATCHOS_DEPLOYMENT_TARGET = 7.1;
			};
			name = Debug;
		};
		654289492646B78C009B8BE5 /* Release */ = {
			isa = XCBuildConfiguration;
			buildSettings = {
				ALWAYS_EMBED_SWIFT_STANDARD_LIBRARIES = YES;
				ASSETCATALOG_COMPILER_APPICON_NAME = AppIcon;
				ASSETCATALOG_COMPILER_GLOBAL_ACCENT_COLOR_NAME = AccentColor;
				ASSETCATALOG_COMPILER_INCLUDE_ALL_APPICON_ASSETS = NO;
				CODE_SIGN_ENTITLEMENTS = "Roborock/Supporting Files/Roborock.entitlements";
				CODE_SIGN_STYLE = Automatic;
				CURRENT_PROJECT_VERSION = 20230726;
				DEVELOPMENT_ASSET_PATHS = "\"Roborock/Preview Content\"";
				DEVELOPMENT_TEAM = N9C9UAVR87;
				ENABLE_PREVIEWS = YES;
				ENABLE_USER_SCRIPT_SANDBOXING = NO;
				INFOPLIST_FILE = "Roborock/Supporting Files/Info.plist";
				IPHONEOS_DEPLOYMENT_TARGET = 16.0;
				LD_RUNPATH_SEARCH_PATHS = (
					"$(inherited)",
					"@executable_path/Frameworks",
				);
				PRODUCT_BUNDLE_IDENTIFIER = de.thomashack.Valetudo;
				PRODUCT_NAME = "$(TARGET_NAME)";
				PROVISIONING_PROFILE_SPECIFIER = "";
				SWIFT_VERSION = 5.0;
				TARGETED_DEVICE_FAMILY = "1,2";
				WATCHOS_DEPLOYMENT_TARGET = 7.1;
			};
			name = Release;
		};
/* End XCBuildConfiguration section */

/* Begin XCConfigurationList section */
		521C7429269DD3CF0098D71A /* Build configuration list for PBXNativeTarget "WatchApp" */ = {
			isa = XCConfigurationList;
			buildConfigurations = (
				521C742A269DD3CF0098D71A /* Debug */,
				521C742B269DD3CF0098D71A /* Release */,
			);
			defaultConfigurationIsVisible = 0;
			defaultConfigurationName = Release;
		};
		5249E9C026970BD10095828E /* Build configuration list for PBXNativeTarget "CleaningIntent" */ = {
			isa = XCConfigurationList;
			buildConfigurations = (
				5249E9C126970BD10095828E /* Debug */,
				5249E9C226970BD10095828E /* Release */,
			);
			defaultConfigurationIsVisible = 0;
			defaultConfigurationName = Release;
		};
		654289332646B78B009B8BE5 /* Build configuration list for PBXProject "Roborock" */ = {
			isa = XCConfigurationList;
			buildConfigurations = (
				654289452646B78C009B8BE5 /* Debug */,
				654289462646B78C009B8BE5 /* Release */,
			);
			defaultConfigurationIsVisible = 0;
			defaultConfigurationName = Release;
		};
		654289472646B78C009B8BE5 /* Build configuration list for PBXNativeTarget "Roborock" */ = {
			isa = XCConfigurationList;
			buildConfigurations = (
				654289482646B78C009B8BE5 /* Debug */,
				654289492646B78C009B8BE5 /* Release */,
			);
			defaultConfigurationIsVisible = 0;
			defaultConfigurationName = Release;
		};
/* End XCConfigurationList section */

/* Begin XCRemoteSwiftPackageReference section */
		5200DB3526AC76450026D69F /* XCRemoteSwiftPackageReference "Roborock-Api" */ = {
			isa = XCRemoteSwiftPackageReference;
			repositoryURL = "https://github.com/ThomasHack/Roborock-Api";
			requirement = {
				branch = main;
				kind = branch;
			};
		};
		6510E8DB268888B9001E9230 /* XCRemoteSwiftPackageReference "NWWebSocket" */ = {
			isa = XCRemoteSwiftPackageReference;
			repositoryURL = "https://github.com/pusher/NWWebSocket.git";
			requirement = {
				kind = upToNextMajorVersion;
				minimumVersion = 0.5.2;
			};
		};
		6510E8E12688B50C001E9230 /* XCRemoteSwiftPackageReference "GzipSwift" */ = {
			isa = XCRemoteSwiftPackageReference;
			repositoryURL = "https://github.com/1024jp/GzipSwift";
			requirement = {
				kind = upToNextMajorVersion;
				minimumVersion = 5.1.1;
			};
		};
		6542894A2646B7D5009B8BE5 /* XCRemoteSwiftPackageReference "swift-composable-architecture" */ = {
			isa = XCRemoteSwiftPackageReference;
			repositoryURL = "https://github.com/pointfreeco/swift-composable-architecture";
			requirement = {
				kind = upToNextMajorVersion;
				minimumVersion = 0.52.0;
			};
		};
/* End XCRemoteSwiftPackageReference section */

/* Begin XCSwiftPackageProductDependency section */
		5200DB3626AC76450026D69F /* RoborockApi */ = {
			isa = XCSwiftPackageProductDependency;
			package = 5200DB3526AC76450026D69F /* XCRemoteSwiftPackageReference "Roborock-Api" */;
			productName = RoborockApi;
		};
		5200DB3826AC764E0026D69F /* RoborockApi */ = {
			isa = XCSwiftPackageProductDependency;
			package = 5200DB3526AC76450026D69F /* XCRemoteSwiftPackageReference "Roborock-Api" */;
			productName = RoborockApi;
		};
		5200DB3A26AC76540026D69F /* RoborockApi */ = {
			isa = XCSwiftPackageProductDependency;
			package = 5200DB3526AC76450026D69F /* XCRemoteSwiftPackageReference "Roborock-Api" */;
			productName = RoborockApi;
		};
		521C7431269DFA6A0098D71A /* ComposableArchitecture */ = {
			isa = XCSwiftPackageProductDependency;
			package = 6542894A2646B7D5009B8BE5 /* XCRemoteSwiftPackageReference "swift-composable-architecture" */;
			productName = ComposableArchitecture;
		};
		52D1BAAD269C6AB900219230 /* ComposableArchitecture */ = {
			isa = XCSwiftPackageProductDependency;
			package = 6542894A2646B7D5009B8BE5 /* XCRemoteSwiftPackageReference "swift-composable-architecture" */;
			productName = ComposableArchitecture;
		};
		52D1BAAF269C6AB900219230 /* Gzip */ = {
			isa = XCSwiftPackageProductDependency;
			package = 6510E8E12688B50C001E9230 /* XCRemoteSwiftPackageReference "GzipSwift" */;
			productName = Gzip;
		};
		657FAE3328DB784000FFCACC /* ComposableArchitecture */ = {
			isa = XCSwiftPackageProductDependency;
			package = 6542894A2646B7D5009B8BE5 /* XCRemoteSwiftPackageReference "swift-composable-architecture" */;
			productName = ComposableArchitecture;
		};
		657FAE3428DB784000FFCACC /* RoborockApi */ = {
			isa = XCSwiftPackageProductDependency;
			package = 5200DB3526AC76450026D69F /* XCRemoteSwiftPackageReference "Roborock-Api" */;
			productName = RoborockApi;
		};
/* End XCSwiftPackageProductDependency section */
	};
	rootObject = 654289302646B78B009B8BE5 /* Project object */;
}
